// !$*UTF8*$!
{
	archiveVersion = 1;
	classes = {
	};
	objectVersion = 50;
	objects = {

/* Begin PBXBuildFile section */
		780A15F9244B108600FA52E1 /* EraseAllView.swift in Sources */ = {isa = PBXBuildFile; fileRef = 780A15F8244B108600FA52E1 /* EraseAllView.swift */; };
		78118B3B2461A80F00DF2EDC /* GameViewController.swift in Sources */ = {isa = PBXBuildFile; fileRef = 78118B3A2461A80F00DF2EDC /* GameViewController.swift */; };
		78181EF923E5BD9B00836109 /* AppDelegate.swift in Sources */ = {isa = PBXBuildFile; fileRef = 78181EF823E5BD9B00836109 /* AppDelegate.swift */; };
		78181F0223E5BD9C00836109 /* Assets.xcassets in Resources */ = {isa = PBXBuildFile; fileRef = 78181F0123E5BD9C00836109 /* Assets.xcassets */; };
		78181F1023E5BE2A00836109 /* SudokuViewController.swift in Sources */ = {isa = PBXBuildFile; fileRef = 78181F0F23E5BE2A00836109 /* SudokuViewController.swift */; };
		78181F1223E5BE3300836109 /* Cell.swift in Sources */ = {isa = PBXBuildFile; fileRef = 78181F1123E5BE3300836109 /* Cell.swift */; };
		782239CB2420D967004E7D35 /* TriangleView.swift in Sources */ = {isa = PBXBuildFile; fileRef = 782239CA2420D967004E7D35 /* TriangleView.swift */; };
		782239CD2420ECF7004E7D35 /* ShrinkableButton.swift in Sources */ = {isa = PBXBuildFile; fileRef = 782239CC2420ECF7004E7D35 /* ShrinkableButton.swift */; };
		782239DB242133EF004E7D35 /* Options.swift in Sources */ = {isa = PBXBuildFile; fileRef = 782239DA242133EF004E7D35 /* Options.swift */; };
		78294FCF241B882C00854A97 /* ErrorView.swift in Sources */ = {isa = PBXBuildFile; fileRef = 78294FCE241B882C00854A97 /* ErrorView.swift */; };
		78294FD1241B93A700854A97 /* Constants.swift in Sources */ = {isa = PBXBuildFile; fileRef = 78294FD0241B93A700854A97 /* Constants.swift */; };
		785C734123F192A000757B0E /* SudokuSolver.swift in Sources */ = {isa = PBXBuildFile; fileRef = 785C734023F192A000757B0E /* SudokuSolver.swift */; };
		785C734323F1957A00757B0E /* SudokuGenerator.swift in Sources */ = {isa = PBXBuildFile; fileRef = 785C734223F1957A00757B0E /* SudokuGenerator.swift */; };
		785C734723F19EBC00757B0E /* Game.swift in Sources */ = {isa = PBXBuildFile; fileRef = 785C734623F19EBC00757B0E /* Game.swift */; };
		785D09342440EC2E00053AD8 /* UIBezierPath+Points.swift in Sources */ = {isa = PBXBuildFile; fileRef = 785D09332440EC2E00053AD8 /* UIBezierPath+Points.swift */; };
		785D09362440F94100053AD8 /* Shapes.swift in Sources */ = {isa = PBXBuildFile; fileRef = 785D09352440F94100053AD8 /* Shapes.swift */; };
		785F42BB23EC69AB00B2CCA0 /* Sudoku.swift in Sources */ = {isa = PBXBuildFile; fileRef = 785F42BA23EC69AB00B2CCA0 /* Sudoku.swift */; };
		785FDEB624471A3F00E56F62 /* HintView.swift in Sources */ = {isa = PBXBuildFile; fileRef = 785FDEB524471A3F00E56F62 /* HintView.swift */; };
		786057D42465ABB600BB3A5D /* LevelChooser.swift in Sources */ = {isa = PBXBuildFile; fileRef = 786057D32465ABB600BB3A5D /* LevelChooser.swift */; };
		7862E4ED242651AD0030F8E8 /* StatisticButtonAnimator.swift in Sources */ = {isa = PBXBuildFile; fileRef = 7862E4EC242651AD0030F8E8 /* StatisticButtonAnimator.swift */; };
		7862E4F3242A5B610030F8E8 /* EraseStatisticView.swift in Sources */ = {isa = PBXBuildFile; fileRef = 7862E4F2242A5B610030F8E8 /* EraseStatisticView.swift */; };
		7862E4F5242A5BAA0030F8E8 /* EraseViewConstraints.swift in Sources */ = {isa = PBXBuildFile; fileRef = 7862E4F4242A5BAA0030F8E8 /* EraseViewConstraints.swift */; };
		7862E4F7242A604C0030F8E8 /* NoButton.swift in Sources */ = {isa = PBXBuildFile; fileRef = 7862E4F6242A604B0030F8E8 /* NoButton.swift */; };
		7862E4F9242A60550030F8E8 /* YesButton.swift in Sources */ = {isa = PBXBuildFile; fileRef = 7862E4F8242A60550030F8E8 /* YesButton.swift */; };
		786630F02445B62A002C0399 /* ShapeSudokuSolver.swift in Sources */ = {isa = PBXBuildFile; fileRef = 786630EF2445B62A002C0399 /* ShapeSudokuSolver.swift */; };
		78693EAC24605F87001CB3D2 /* Launch Screen.storyboard in Resources */ = {isa = PBXBuildFile; fileRef = 78693EAB24605F87001CB3D2 /* Launch Screen.storyboard */; };
		786A4955244983A8000A2E17 /* SudokuView.swift in Sources */ = {isa = PBXBuildFile; fileRef = 786A4954244983A8000A2E17 /* SudokuView.swift */; };
		786BC689243F3E4D00D42553 /* Protocols.swift in Sources */ = {isa = PBXBuildFile; fileRef = 786BC688243F3E4D00D42553 /* Protocols.swift */; };
		786BC68B243F3EC300D42553 /* CALayer+Layers.swift in Sources */ = {isa = PBXBuildFile; fileRef = 786BC68A243F3EC300D42553 /* CALayer+Layers.swift */; };
		786BC68D243F3F5000D42553 /* UIDevice+device.swift in Sources */ = {isa = PBXBuildFile; fileRef = 786BC68C243F3F5000D42553 /* UIDevice+device.swift */; };
		786BC68F243F3F6F00D42553 /* Global.swift in Sources */ = {isa = PBXBuildFile; fileRef = 786BC68E243F3F6F00D42553 /* Global.swift */; };
		786BC693243F3FB500D42553 /* CGRect+rects.swift in Sources */ = {isa = PBXBuildFile; fileRef = 786BC692243F3FB500D42553 /* CGRect+rects.swift */; };
		786BC697243F656100D42553 /* Indexes.swift in Sources */ = {isa = PBXBuildFile; fileRef = 786BC696243F656100D42553 /* Indexes.swift */; };
		7871BBBA2440E1B700A6FF81 /* ShapeCollectionViewCell.swift in Sources */ = {isa = PBXBuildFile; fileRef = 7871BBB92440E1B700A6FF81 /* ShapeCollectionViewCell.swift */; };
		7876D3AC2438B6C900FEA18D /* ShapeSudoku.swift in Sources */ = {isa = PBXBuildFile; fileRef = 7876D3AB2438B6C900FEA18D /* ShapeSudoku.swift */; };
		7879F06C244F56060062D3C9 /* LevelSelectionCollectionViewCell.swift in Sources */ = {isa = PBXBuildFile; fileRef = 7879F06B244F56060062D3C9 /* LevelSelectionCollectionViewCell.swift */; };
		78810CCA241F90B6002828E2 /* MessageView.swift in Sources */ = {isa = PBXBuildFile; fileRef = 78810CC9241F90B6002828E2 /* MessageView.swift */; };
		7883A1C4241D2BE100ECB3FD /* TutorialViewConstraint.swift in Sources */ = {isa = PBXBuildFile; fileRef = 7883A1C3241D2BE000ECB3FD /* TutorialViewConstraint.swift */; };
		78859E572449CC9000F93442 /* ShapeSelectionViewController.swift in Sources */ = {isa = PBXBuildFile; fileRef = 78859E562449CC9000F93442 /* ShapeSelectionViewController.swift */; };
		78859E5D244A1BB000F93442 /* LevelsCollectionViewController.swift in Sources */ = {isa = PBXBuildFile; fileRef = 78859E5C244A1BB000F93442 /* LevelsCollectionViewController.swift */; };
		788CDC7F2422373900420F9B /* Statistic.swift in Sources */ = {isa = PBXBuildFile; fileRef = 788CDC7E2422373900420F9B /* Statistic.swift */; };
		788CDC882422638E00420F9B /* StatisticTableViewCell.swift in Sources */ = {isa = PBXBuildFile; fileRef = 788CDC872422638E00420F9B /* StatisticTableViewCell.swift */; };
		788CDC8A2422745900420F9B /* CellAnimator.swift in Sources */ = {isa = PBXBuildFile; fileRef = 788CDC892422745900420F9B /* CellAnimator.swift */; };
		788CDC8C24233DD200420F9B /* TextAppearenceAnimator.swift in Sources */ = {isa = PBXBuildFile; fileRef = 788CDC8B24233DD200420F9B /* TextAppearenceAnimator.swift */; };
		788CDC8E242345D800420F9B /* UIColor+Colors.swift in Sources */ = {isa = PBXBuildFile; fileRef = 788CDC8D242345D800420F9B /* UIColor+Colors.swift */; };
		788DA7B0245C5613006AA93D /* EndGameView.swift in Sources */ = {isa = PBXBuildFile; fileRef = 788DA7AF245C5613006AA93D /* EndGameView.swift */; };
		788DA7B2245C5630006AA93D /* EndGameViewConstraints.swift in Sources */ = {isa = PBXBuildFile; fileRef = 788DA7B1245C5630006AA93D /* EndGameViewConstraints.swift */; };
		788DA7B4245C8C3B006AA93D /* ShrinkableLabel.swift in Sources */ = {isa = PBXBuildFile; fileRef = 788DA7B3245C8C3B006AA93D /* ShrinkableLabel.swift */; };
		788DA7B6245C8DED006AA93D /* NewGameButton.swift in Sources */ = {isa = PBXBuildFile; fileRef = 788DA7B5245C8DED006AA93D /* NewGameButton.swift */; };
		7895216B241A431C004F8C1C /* BackButton.swift in Sources */ = {isa = PBXBuildFile; fileRef = 7895216A241A431C004F8C1C /* BackButton.swift */; };
		78975CA124530C5D008AC114 /* Messages.swift in Sources */ = {isa = PBXBuildFile; fileRef = 78975CA024530C5D008AC114 /* Messages.swift */; };
		78975CAC24531251008AC114 /* SudokuTest.swift in Sources */ = {isa = PBXBuildFile; fileRef = 78975CAB24531251008AC114 /* SudokuTest.swift */; };
		78975CB62453453C008AC114 /* Main.storyboard in Resources */ = {isa = PBXBuildFile; fileRef = 78975CB52453453C008AC114 /* Main.storyboard */; };
		78B9B144243B6FB200024738 /* InfoView.swift in Sources */ = {isa = PBXBuildFile; fileRef = 78B9B143243B6FB200024738 /* InfoView.swift */; };
		78C9B5DB241BE98100E1DB7A /* TutorialView.swift in Sources */ = {isa = PBXBuildFile; fileRef = 78C9B5DA241BE98100E1DB7A /* TutorialView.swift */; };
		78C9B5DD241BEAAC00E1DB7A /* DoneButton.swift in Sources */ = {isa = PBXBuildFile; fileRef = 78C9B5DC241BEAAC00E1DB7A /* DoneButton.swift */; };
		78C9B5E0241BF27000E1DB7A /* ViewAppearanceAnimator.swift in Sources */ = {isa = PBXBuildFile; fileRef = 78C9B5DF241BF27000E1DB7A /* ViewAppearanceAnimator.swift */; };
		78C9B5E2241BF35D00E1DB7A /* ErrorViewAnimation.swift in Sources */ = {isa = PBXBuildFile; fileRef = 78C9B5E1241BF35D00E1DB7A /* ErrorViewAnimation.swift */; };
		78C9B5E6241D08A500E1DB7A /* OptionsViewController.swift in Sources */ = {isa = PBXBuildFile; fileRef = 78C9B5E5241D08A500E1DB7A /* OptionsViewController.swift */; };
		78C9B5E8241D08BC00E1DB7A /* StatisticViewController.swift in Sources */ = {isa = PBXBuildFile; fileRef = 78C9B5E7241D08BC00E1DB7A /* StatisticViewController.swift */; };
		78EABF3A242E296B00EF9A1E /* Rules.swift in Sources */ = {isa = PBXBuildFile; fileRef = 78EABF39242E296B00EF9A1E /* Rules.swift */; };
/* End PBXBuildFile section */

/* Begin PBXContainerItemProxy section */
		78975CAE24531251008AC114 /* PBXContainerItemProxy */ = {
			isa = PBXContainerItemProxy;
			containerPortal = 78181EED23E5BD9B00836109 /* Project object */;
			proxyType = 1;
			remoteGlobalIDString = 78181EF423E5BD9B00836109;
			remoteInfo = Sudoku;
		};
/* End PBXContainerItemProxy section */

/* Begin PBXFileReference section */
		780A15F8244B108600FA52E1 /* EraseAllView.swift */ = {isa = PBXFileReference; lastKnownFileType = sourcecode.swift; path = EraseAllView.swift; sourceTree = "<group>"; };
		78118B3A2461A80F00DF2EDC /* GameViewController.swift */ = {isa = PBXFileReference; lastKnownFileType = sourcecode.swift; path = GameViewController.swift; sourceTree = "<group>"; };
		78181EF523E5BD9B00836109 /* Судоку.app */ = {isa = PBXFileReference; explicitFileType = wrapper.application; includeInIndex = 0; path = "Судоку.app"; sourceTree = BUILT_PRODUCTS_DIR; };
		78181EF823E5BD9B00836109 /* AppDelegate.swift */ = {isa = PBXFileReference; lastKnownFileType = sourcecode.swift; path = AppDelegate.swift; sourceTree = "<group>"; };
		78181F0123E5BD9C00836109 /* Assets.xcassets */ = {isa = PBXFileReference; lastKnownFileType = folder.assetcatalog; path = Assets.xcassets; sourceTree = "<group>"; };
		78181F0623E5BD9C00836109 /* Info.plist */ = {isa = PBXFileReference; lastKnownFileType = text.plist.xml; path = Info.plist; sourceTree = "<group>"; };
		78181F0F23E5BE2A00836109 /* SudokuViewController.swift */ = {isa = PBXFileReference; lastKnownFileType = sourcecode.swift; path = SudokuViewController.swift; sourceTree = "<group>"; };
		78181F1123E5BE3300836109 /* Cell.swift */ = {isa = PBXFileReference; lastKnownFileType = sourcecode.swift; path = Cell.swift; sourceTree = "<group>"; };
		782239CA2420D967004E7D35 /* TriangleView.swift */ = {isa = PBXFileReference; lastKnownFileType = sourcecode.swift; path = TriangleView.swift; sourceTree = "<group>"; };
		782239CC2420ECF7004E7D35 /* ShrinkableButton.swift */ = {isa = PBXFileReference; lastKnownFileType = sourcecode.swift; path = ShrinkableButton.swift; sourceTree = "<group>"; };
		782239DA242133EF004E7D35 /* Options.swift */ = {isa = PBXFileReference; lastKnownFileType = sourcecode.swift; path = Options.swift; sourceTree = "<group>"; };
		78294FCE241B882C00854A97 /* ErrorView.swift */ = {isa = PBXFileReference; lastKnownFileType = sourcecode.swift; path = ErrorView.swift; sourceTree = "<group>"; };
		78294FD0241B93A700854A97 /* Constants.swift */ = {isa = PBXFileReference; lastKnownFileType = sourcecode.swift; path = Constants.swift; sourceTree = "<group>"; };
		785C734023F192A000757B0E /* SudokuSolver.swift */ = {isa = PBXFileReference; lastKnownFileType = sourcecode.swift; path = SudokuSolver.swift; sourceTree = "<group>"; };
		785C734223F1957A00757B0E /* SudokuGenerator.swift */ = {isa = PBXFileReference; lastKnownFileType = sourcecode.swift; path = SudokuGenerator.swift; sourceTree = "<group>"; };
		785C734623F19EBC00757B0E /* Game.swift */ = {isa = PBXFileReference; lastKnownFileType = sourcecode.swift; path = Game.swift; sourceTree = "<group>"; };
		785D09332440EC2E00053AD8 /* UIBezierPath+Points.swift */ = {isa = PBXFileReference; lastKnownFileType = sourcecode.swift; path = "UIBezierPath+Points.swift"; sourceTree = "<group>"; };
		785D09352440F94100053AD8 /* Shapes.swift */ = {isa = PBXFileReference; lastKnownFileType = sourcecode.swift; path = Shapes.swift; sourceTree = "<group>"; };
		785F42BA23EC69AB00B2CCA0 /* Sudoku.swift */ = {isa = PBXFileReference; lastKnownFileType = sourcecode.swift; path = Sudoku.swift; sourceTree = "<group>"; };
		785FDEB524471A3F00E56F62 /* HintView.swift */ = {isa = PBXFileReference; lastKnownFileType = sourcecode.swift; path = HintView.swift; sourceTree = "<group>"; };
		786057D32465ABB600BB3A5D /* LevelChooser.swift */ = {isa = PBXFileReference; lastKnownFileType = sourcecode.swift; path = LevelChooser.swift; sourceTree = "<group>"; };
		7862E4EC242651AD0030F8E8 /* StatisticButtonAnimator.swift */ = {isa = PBXFileReference; lastKnownFileType = sourcecode.swift; path = StatisticButtonAnimator.swift; sourceTree = "<group>"; };
		7862E4F2242A5B610030F8E8 /* EraseStatisticView.swift */ = {isa = PBXFileReference; lastKnownFileType = sourcecode.swift; path = EraseStatisticView.swift; sourceTree = "<group>"; };
		7862E4F4242A5BAA0030F8E8 /* EraseViewConstraints.swift */ = {isa = PBXFileReference; lastKnownFileType = sourcecode.swift; path = EraseViewConstraints.swift; sourceTree = "<group>"; };
		7862E4F6242A604B0030F8E8 /* NoButton.swift */ = {isa = PBXFileReference; lastKnownFileType = sourcecode.swift; path = NoButton.swift; sourceTree = "<group>"; };
		7862E4F8242A60550030F8E8 /* YesButton.swift */ = {isa = PBXFileReference; lastKnownFileType = sourcecode.swift; path = YesButton.swift; sourceTree = "<group>"; };
		786630EF2445B62A002C0399 /* ShapeSudokuSolver.swift */ = {isa = PBXFileReference; lastKnownFileType = sourcecode.swift; path = ShapeSudokuSolver.swift; sourceTree = "<group>"; };
		78693EAB24605F87001CB3D2 /* Launch Screen.storyboard */ = {isa = PBXFileReference; lastKnownFileType = file.storyboard; path = "Launch Screen.storyboard"; sourceTree = "<group>"; };
		786A4954244983A8000A2E17 /* SudokuView.swift */ = {isa = PBXFileReference; lastKnownFileType = sourcecode.swift; path = SudokuView.swift; sourceTree = "<group>"; };
		786BC688243F3E4D00D42553 /* Protocols.swift */ = {isa = PBXFileReference; lastKnownFileType = sourcecode.swift; path = Protocols.swift; sourceTree = "<group>"; };
		786BC68A243F3EC300D42553 /* CALayer+Layers.swift */ = {isa = PBXFileReference; lastKnownFileType = sourcecode.swift; path = "CALayer+Layers.swift"; sourceTree = "<group>"; };
		786BC68C243F3F5000D42553 /* UIDevice+device.swift */ = {isa = PBXFileReference; lastKnownFileType = sourcecode.swift; path = "UIDevice+device.swift"; sourceTree = "<group>"; };
		786BC68E243F3F6F00D42553 /* Global.swift */ = {isa = PBXFileReference; lastKnownFileType = sourcecode.swift; path = Global.swift; sourceTree = "<group>"; };
		786BC692243F3FB500D42553 /* CGRect+rects.swift */ = {isa = PBXFileReference; lastKnownFileType = sourcecode.swift; path = "CGRect+rects.swift"; sourceTree = "<group>"; };
		786BC696243F656100D42553 /* Indexes.swift */ = {isa = PBXFileReference; lastKnownFileType = sourcecode.swift; path = Indexes.swift; sourceTree = "<group>"; };
		7871BBB92440E1B700A6FF81 /* ShapeCollectionViewCell.swift */ = {isa = PBXFileReference; lastKnownFileType = sourcecode.swift; path = ShapeCollectionViewCell.swift; sourceTree = "<group>"; };
		7876D3AB2438B6C900FEA18D /* ShapeSudoku.swift */ = {isa = PBXFileReference; lastKnownFileType = sourcecode.swift; path = ShapeSudoku.swift; sourceTree = "<group>"; };
		7879F06B244F56060062D3C9 /* LevelSelectionCollectionViewCell.swift */ = {isa = PBXFileReference; lastKnownFileType = sourcecode.swift; path = LevelSelectionCollectionViewCell.swift; sourceTree = "<group>"; };
		78810CC9241F90B6002828E2 /* MessageView.swift */ = {isa = PBXFileReference; lastKnownFileType = sourcecode.swift; path = MessageView.swift; sourceTree = "<group>"; };
		7883A1C3241D2BE000ECB3FD /* TutorialViewConstraint.swift */ = {isa = PBXFileReference; lastKnownFileType = sourcecode.swift; path = TutorialViewConstraint.swift; sourceTree = "<group>"; };
		78859E562449CC9000F93442 /* ShapeSelectionViewController.swift */ = {isa = PBXFileReference; fileEncoding = 4; lastKnownFileType = sourcecode.swift; path = ShapeSelectionViewController.swift; sourceTree = "<group>"; };
		78859E5C244A1BB000F93442 /* LevelsCollectionViewController.swift */ = {isa = PBXFileReference; lastKnownFileType = sourcecode.swift; path = LevelsCollectionViewController.swift; sourceTree = "<group>"; };
		788CDC7E2422373900420F9B /* Statistic.swift */ = {isa = PBXFileReference; lastKnownFileType = sourcecode.swift; path = Statistic.swift; sourceTree = "<group>"; };
		788CDC872422638E00420F9B /* StatisticTableViewCell.swift */ = {isa = PBXFileReference; lastKnownFileType = sourcecode.swift; name = StatisticTableViewCell.swift; path = Sudoku/TableViewCell/StatisticTableViewCell.swift; sourceTree = SOURCE_ROOT; };
		788CDC892422745900420F9B /* CellAnimator.swift */ = {isa = PBXFileReference; lastKnownFileType = sourcecode.swift; path = CellAnimator.swift; sourceTree = "<group>"; };
		788CDC8B24233DD200420F9B /* TextAppearenceAnimator.swift */ = {isa = PBXFileReference; lastKnownFileType = sourcecode.swift; path = TextAppearenceAnimator.swift; sourceTree = "<group>"; };
		788CDC8D242345D800420F9B /* UIColor+Colors.swift */ = {isa = PBXFileReference; lastKnownFileType = sourcecode.swift; path = "UIColor+Colors.swift"; sourceTree = "<group>"; };
		788DA7AF245C5613006AA93D /* EndGameView.swift */ = {isa = PBXFileReference; lastKnownFileType = sourcecode.swift; path = EndGameView.swift; sourceTree = "<group>"; };
		788DA7B1245C5630006AA93D /* EndGameViewConstraints.swift */ = {isa = PBXFileReference; lastKnownFileType = sourcecode.swift; path = EndGameViewConstraints.swift; sourceTree = "<group>"; };
		788DA7B3245C8C3B006AA93D /* ShrinkableLabel.swift */ = {isa = PBXFileReference; lastKnownFileType = sourcecode.swift; path = ShrinkableLabel.swift; sourceTree = "<group>"; };
		788DA7B5245C8DED006AA93D /* NewGameButton.swift */ = {isa = PBXFileReference; lastKnownFileType = sourcecode.swift; path = NewGameButton.swift; sourceTree = "<group>"; };
		7895216A241A431C004F8C1C /* BackButton.swift */ = {isa = PBXFileReference; fileEncoding = 4; lastKnownFileType = sourcecode.swift; path = BackButton.swift; sourceTree = "<group>"; };
		78975CA024530C5D008AC114 /* Messages.swift */ = {isa = PBXFileReference; lastKnownFileType = sourcecode.swift; path = Messages.swift; sourceTree = "<group>"; };
		78975CA924531251008AC114 /* SudokuTest.xctest */ = {isa = PBXFileReference; explicitFileType = wrapper.cfbundle; includeInIndex = 0; path = SudokuTest.xctest; sourceTree = BUILT_PRODUCTS_DIR; };
		78975CAB24531251008AC114 /* SudokuTest.swift */ = {isa = PBXFileReference; lastKnownFileType = sourcecode.swift; path = SudokuTest.swift; sourceTree = "<group>"; };
		78975CAD24531251008AC114 /* Info.plist */ = {isa = PBXFileReference; lastKnownFileType = text.plist.xml; path = Info.plist; sourceTree = "<group>"; };
		78975CB52453453C008AC114 /* Main.storyboard */ = {isa = PBXFileReference; fileEncoding = 4; lastKnownFileType = file.storyboard; path = Main.storyboard; sourceTree = "<group>"; };
		78B9B143243B6FB200024738 /* InfoView.swift */ = {isa = PBXFileReference; lastKnownFileType = sourcecode.swift; path = InfoView.swift; sourceTree = "<group>"; };
		78C9B5DA241BE98100E1DB7A /* TutorialView.swift */ = {isa = PBXFileReference; lastKnownFileType = sourcecode.swift; path = TutorialView.swift; sourceTree = "<group>"; };
		78C9B5DC241BEAAC00E1DB7A /* DoneButton.swift */ = {isa = PBXFileReference; lastKnownFileType = sourcecode.swift; path = DoneButton.swift; sourceTree = "<group>"; };
		78C9B5DF241BF27000E1DB7A /* ViewAppearanceAnimator.swift */ = {isa = PBXFileReference; lastKnownFileType = sourcecode.swift; path = ViewAppearanceAnimator.swift; sourceTree = "<group>"; };
		78C9B5E1241BF35D00E1DB7A /* ErrorViewAnimation.swift */ = {isa = PBXFileReference; lastKnownFileType = sourcecode.swift; path = ErrorViewAnimation.swift; sourceTree = "<group>"; };
		78C9B5E5241D08A500E1DB7A /* OptionsViewController.swift */ = {isa = PBXFileReference; lastKnownFileType = sourcecode.swift; path = OptionsViewController.swift; sourceTree = "<group>"; };
		78C9B5E7241D08BC00E1DB7A /* StatisticViewController.swift */ = {isa = PBXFileReference; lastKnownFileType = sourcecode.swift; path = StatisticViewController.swift; sourceTree = "<group>"; };
		78EABF39242E296B00EF9A1E /* Rules.swift */ = {isa = PBXFileReference; lastKnownFileType = sourcecode.swift; path = Rules.swift; sourceTree = "<group>"; };
/* End PBXFileReference section */

/* Begin PBXFrameworksBuildPhase section */
		78181EF223E5BD9B00836109 /* Frameworks */ = {
			isa = PBXFrameworksBuildPhase;
			buildActionMask = 2147483647;
			files = (
			);
			runOnlyForDeploymentPostprocessing = 0;
		};
		78975CA624531251008AC114 /* Frameworks */ = {
			isa = PBXFrameworksBuildPhase;
			buildActionMask = 2147483647;
			files = (
			);
			runOnlyForDeploymentPostprocessing = 0;
		};
/* End PBXFrameworksBuildPhase section */

/* Begin PBXGroup section */
		78181EEC23E5BD9B00836109 = {
			isa = PBXGroup;
			children = (
				78181EF723E5BD9B00836109 /* Sudoku */,
				78975CAA24531251008AC114 /* SudokuTest */,
				78181EF623E5BD9B00836109 /* Products */,
			);
			sourceTree = "<group>";
		};
		78181EF623E5BD9B00836109 /* Products */ = {
			isa = PBXGroup;
			children = (
				78181EF523E5BD9B00836109 /* Судоку.app */,
				78975CA924531251008AC114 /* SudokuTest.xctest */,
			);
			name = Products;
			sourceTree = "<group>";
		};
		78181EF723E5BD9B00836109 /* Sudoku */ = {
			isa = PBXGroup;
			children = (
				78975CB52453453C008AC114 /* Main.storyboard */,
				785C734423F19E6900757B0E /* Model */,
				7894D919242B62B90067D313 /* Sudoku model */,
				7895216C241A4B6A004F8C1C /* Button */,
				7871BBBB2440E1C700A6FF81 /* Shapes */,
				785C734523F19E7200757B0E /* View */,
				7883A1C2241D2BBB00ECB3FD /* Constraints */,
				78C9B5DE241BF18400E1DB7A /* Animation */,
				7871BBB62440E12B00A6FF81 /* CollectionViewCell */,
				78294FD6241BACDA00854A97 /* GameControllers */,
				7862EC8423F2F4D300399263 /* Controller */,
				788CDC8024223ACA00420F9B /* TableViewCell */,
				786BC687243F3E3B00D42553 /* Extensions */,
				78181F0C23E5BDCA00836109 /* Misc */,
			);
			path = Sudoku;
			sourceTree = "<group>";
		};
		78181F0C23E5BDCA00836109 /* Misc */ = {
			isa = PBXGroup;
			children = (
				78181EF823E5BD9B00836109 /* AppDelegate.swift */,
				786BC68E243F3F6F00D42553 /* Global.swift */,
				786BC688243F3E4D00D42553 /* Protocols.swift */,
				78294FD0241B93A700854A97 /* Constants.swift */,
				78181F0123E5BD9C00836109 /* Assets.xcassets */,
				78181F0623E5BD9C00836109 /* Info.plist */,
				78693EAB24605F87001CB3D2 /* Launch Screen.storyboard */,
			);
			path = Misc;
			sourceTree = "<group>";
		};
		78294FD6241BACDA00854A97 /* GameControllers */ = {
			isa = PBXGroup;
			children = (
				78118B3A2461A80F00DF2EDC /* GameViewController.swift */,
				78181F0F23E5BE2A00836109 /* SudokuViewController.swift */,
			);
			path = GameControllers;
			sourceTree = "<group>";
		};
		785C734423F19E6900757B0E /* Model */ = {
			isa = PBXGroup;
			children = (
				785C734623F19EBC00757B0E /* Game.swift */,
				782239DA242133EF004E7D35 /* Options.swift */,
				788CDC7E2422373900420F9B /* Statistic.swift */,
				78EABF39242E296B00EF9A1E /* Rules.swift */,
				786BC696243F656100D42553 /* Indexes.swift */,
				78975CA024530C5D008AC114 /* Messages.swift */,
			);
			path = Model;
			sourceTree = "<group>";
		};
		785C734523F19E7200757B0E /* View */ = {
			isa = PBXGroup;
			children = (
				78B9B143243B6FB200024738 /* InfoView.swift */,
				78810CC9241F90B6002828E2 /* MessageView.swift */,
				788DA7AF245C5613006AA93D /* EndGameView.swift */,
				78C9B5DA241BE98100E1DB7A /* TutorialView.swift */,
				7862E4F2242A5B610030F8E8 /* EraseStatisticView.swift */,
				780A15F8244B108600FA52E1 /* EraseAllView.swift */,
				78294FCE241B882C00854A97 /* ErrorView.swift */,
				782239CA2420D967004E7D35 /* TriangleView.swift */,
				785FDEB524471A3F00E56F62 /* HintView.swift */,
				786057D32465ABB600BB3A5D /* LevelChooser.swift */,
			);
			path = View;
			sourceTree = "<group>";
		};
		7862EC8423F2F4D300399263 /* Controller */ = {
			isa = PBXGroup;
			children = (
				78859E5C244A1BB000F93442 /* LevelsCollectionViewController.swift */,
				78859E562449CC9000F93442 /* ShapeSelectionViewController.swift */,
				78C9B5E5241D08A500E1DB7A /* OptionsViewController.swift */,
				78C9B5E7241D08BC00E1DB7A /* StatisticViewController.swift */,
			);
			path = Controller;
			sourceTree = "<group>";
		};
		786BC687243F3E3B00D42553 /* Extensions */ = {
			isa = PBXGroup;
			children = (
				788CDC8D242345D800420F9B /* UIColor+Colors.swift */,
				786BC68A243F3EC300D42553 /* CALayer+Layers.swift */,
				786BC68C243F3F5000D42553 /* UIDevice+device.swift */,
				786BC692243F3FB500D42553 /* CGRect+rects.swift */,
				785D09332440EC2E00053AD8 /* UIBezierPath+Points.swift */,
			);
			path = Extensions;
			sourceTree = "<group>";
		};
		7871BBB62440E12B00A6FF81 /* CollectionViewCell */ = {
			isa = PBXGroup;
			children = (
				7871BBB92440E1B700A6FF81 /* ShapeCollectionViewCell.swift */,
				7879F06B244F56060062D3C9 /* LevelSelectionCollectionViewCell.swift */,
			);
			path = CollectionViewCell;
			sourceTree = "<group>";
		};
		7871BBBB2440E1C700A6FF81 /* Shapes */ = {
			isa = PBXGroup;
			children = (
				786A4954244983A8000A2E17 /* SudokuView.swift */,
				785D09352440F94100053AD8 /* Shapes.swift */,
			);
			path = Shapes;
			sourceTree = "<group>";
		};
		7883A1C2241D2BBB00ECB3FD /* Constraints */ = {
			isa = PBXGroup;
			children = (
				7883A1C3241D2BE000ECB3FD /* TutorialViewConstraint.swift */,
				7862E4F4242A5BAA0030F8E8 /* EraseViewConstraints.swift */,
				788DA7B1245C5630006AA93D /* EndGameViewConstraints.swift */,
			);
			path = Constraints;
			sourceTree = "<group>";
		};
		788CDC8024223ACA00420F9B /* TableViewCell */ = {
			isa = PBXGroup;
			children = (
				788CDC872422638E00420F9B /* StatisticTableViewCell.swift */,
			);
			path = TableViewCell;
			sourceTree = "<group>";
		};
		7894D919242B62B90067D313 /* Sudoku model */ = {
			isa = PBXGroup;
			children = (
				785F42BA23EC69AB00B2CCA0 /* Sudoku.swift */,
				785C734223F1957A00757B0E /* SudokuGenerator.swift */,
				785C734023F192A000757B0E /* SudokuSolver.swift */,
				7876D3AB2438B6C900FEA18D /* ShapeSudoku.swift */,
				786630EF2445B62A002C0399 /* ShapeSudokuSolver.swift */,
			);
			path = "Sudoku model";
			sourceTree = "<group>";
		};
		7895216C241A4B6A004F8C1C /* Button */ = {
			isa = PBXGroup;
			children = (
				78181F1123E5BE3300836109 /* Cell.swift */,
				7895216A241A431C004F8C1C /* BackButton.swift */,
				782239CC2420ECF7004E7D35 /* ShrinkableButton.swift */,
				788DA7B3245C8C3B006AA93D /* ShrinkableLabel.swift */,
				78C9B5DC241BEAAC00E1DB7A /* DoneButton.swift */,
				7862E4F6242A604B0030F8E8 /* NoButton.swift */,
				7862E4F8242A60550030F8E8 /* YesButton.swift */,
				788DA7B5245C8DED006AA93D /* NewGameButton.swift */,
			);
			path = Button;
			sourceTree = "<group>";
		};
		78975CAA24531251008AC114 /* SudokuTest */ = {
			isa = PBXGroup;
			children = (
				78975CAB24531251008AC114 /* SudokuTest.swift */,
				78975CAD24531251008AC114 /* Info.plist */,
			);
			path = SudokuTest;
			sourceTree = "<group>";
		};
		78C9B5DE241BF18400E1DB7A /* Animation */ = {
			isa = PBXGroup;
			children = (
				78C9B5DF241BF27000E1DB7A /* ViewAppearanceAnimator.swift */,
				78C9B5E1241BF35D00E1DB7A /* ErrorViewAnimation.swift */,
				788CDC892422745900420F9B /* CellAnimator.swift */,
				788CDC8B24233DD200420F9B /* TextAppearenceAnimator.swift */,
				7862E4EC242651AD0030F8E8 /* StatisticButtonAnimator.swift */,
			);
			path = Animation;
			sourceTree = "<group>";
		};
/* End PBXGroup section */

/* Begin PBXNativeTarget section */
		78181EF423E5BD9B00836109 /* Sudoku */ = {
			isa = PBXNativeTarget;
			buildConfigurationList = 78181F0923E5BD9C00836109 /* Build configuration list for PBXNativeTarget "Sudoku" */;
			buildPhases = (
				78181EF123E5BD9B00836109 /* Sources */,
				78181EF223E5BD9B00836109 /* Frameworks */,
				78181EF323E5BD9B00836109 /* Resources */,
				7871BBB42440D2FE00A6FF81 /* ShellScript */,
			);
			buildRules = (
			);
			dependencies = (
			);
			name = Sudoku;
			productName = Sudoku;
			productReference = 78181EF523E5BD9B00836109 /* Судоку.app */;
			productType = "com.apple.product-type.application";
		};
		78975CA824531251008AC114 /* SudokuTest */ = {
			isa = PBXNativeTarget;
			buildConfigurationList = 78975CB024531251008AC114 /* Build configuration list for PBXNativeTarget "SudokuTest" */;
			buildPhases = (
				78975CA524531251008AC114 /* Sources */,
				78975CA624531251008AC114 /* Frameworks */,
				78975CA724531251008AC114 /* Resources */,
			);
			buildRules = (
			);
			dependencies = (
				78975CAF24531251008AC114 /* PBXTargetDependency */,
			);
			name = SudokuTest;
			productName = SudokuTest;
			productReference = 78975CA924531251008AC114 /* SudokuTest.xctest */;
			productType = "com.apple.product-type.bundle.unit-test";
		};
/* End PBXNativeTarget section */

/* Begin PBXProject section */
		78181EED23E5BD9B00836109 /* Project object */ = {
			isa = PBXProject;
			attributes = {
				LastSwiftUpdateCheck = 1140;
				LastUpgradeCheck = 1120;
				ORGANIZATIONNAME = VL;
				TargetAttributes = {
					78181EF423E5BD9B00836109 = {
						CreatedOnToolsVersion = 11.2;
					};
					78975CA824531251008AC114 = {
						CreatedOnToolsVersion = 11.4;
						TestTargetID = 78181EF423E5BD9B00836109;
					};
				};
			};
			buildConfigurationList = 78181EF023E5BD9B00836109 /* Build configuration list for PBXProject "Sudoku" */;
			compatibilityVersion = "Xcode 9.3";
			developmentRegion = en;
			hasScannedForEncodings = 0;
			knownRegions = (
				en,
				Base,
			);
			mainGroup = 78181EEC23E5BD9B00836109;
			productRefGroup = 78181EF623E5BD9B00836109 /* Products */;
			projectDirPath = "";
			projectRoot = "";
			targets = (
				78181EF423E5BD9B00836109 /* Sudoku */,
				78975CA824531251008AC114 /* SudokuTest */,
			);
		};
/* End PBXProject section */

/* Begin PBXResourcesBuildPhase section */
		78181EF323E5BD9B00836109 /* Resources */ = {
			isa = PBXResourcesBuildPhase;
			buildActionMask = 2147483647;
			files = (
				78181F0223E5BD9C00836109 /* Assets.xcassets in Resources */,
				78693EAC24605F87001CB3D2 /* Launch Screen.storyboard in Resources */,
				78975CB62453453C008AC114 /* Main.storyboard in Resources */,
			);
			runOnlyForDeploymentPostprocessing = 0;
		};
		78975CA724531251008AC114 /* Resources */ = {
			isa = PBXResourcesBuildPhase;
			buildActionMask = 2147483647;
			files = (
			);
			runOnlyForDeploymentPostprocessing = 0;
		};
/* End PBXResourcesBuildPhase section */

/* Begin PBXShellScriptBuildPhase section */
		7871BBB42440D2FE00A6FF81 /* ShellScript */ = {
			isa = PBXShellScriptBuildPhase;
			buildActionMask = 2147483647;
			files = (
			);
			inputFileListPaths = (
			);
			inputPaths = (
			);
			outputFileListPaths = (
			);
			outputPaths = (
			);
			runOnlyForDeploymentPostprocessing = 0;
			shellPath = /bin/sh;
			shellScript = "TAGS=\"TODO:|FIXME:\"\nERRORTAG=\"ERROR:\"\nfind \"${SRCROOT}\" \\( -name \"*.h\" -or -name \"*.m\" -or -name \"*.swift\" \\) -print0 | xargs -0 egrep --with-filename --line-number --only-matching \"($TAGS).*\\$|($ERRORTAG).*\\$\" | perl -p -e \"s/($TAGS)/ warning: \\$1/\" | perl -p -e \"s/($ERRORTAG)/ error: \\$1/\"\n";
		};
/* End PBXShellScriptBuildPhase section */

/* Begin PBXSourcesBuildPhase section */
		78181EF123E5BD9B00836109 /* Sources */ = {
			isa = PBXSourcesBuildPhase;
			buildActionMask = 2147483647;
			files = (
				788CDC8A2422745900420F9B /* CellAnimator.swift in Sources */,
				78975CA124530C5D008AC114 /* Messages.swift in Sources */,
				786630F02445B62A002C0399 /* ShapeSudokuSolver.swift in Sources */,
				785C734323F1957A00757B0E /* SudokuGenerator.swift in Sources */,
				780A15F9244B108600FA52E1 /* EraseAllView.swift in Sources */,
				788CDC8E242345D800420F9B /* UIColor+Colors.swift in Sources */,
				786BC689243F3E4D00D42553 /* Protocols.swift in Sources */,
				782239CD2420ECF7004E7D35 /* ShrinkableButton.swift in Sources */,
				78C9B5E8241D08BC00E1DB7A /* StatisticViewController.swift in Sources */,
				786BC697243F656100D42553 /* Indexes.swift in Sources */,
				782239CB2420D967004E7D35 /* TriangleView.swift in Sources */,
				7871BBBA2440E1B700A6FF81 /* ShapeCollectionViewCell.swift in Sources */,
				78294FD1241B93A700854A97 /* Constants.swift in Sources */,
				786BC68F243F3F6F00D42553 /* Global.swift in Sources */,
				78181F1023E5BE2A00836109 /* SudokuViewController.swift in Sources */,
				7895216B241A431C004F8C1C /* BackButton.swift in Sources */,
				788DA7B6245C8DED006AA93D /* NewGameButton.swift in Sources */,
				785C734123F192A000757B0E /* SudokuSolver.swift in Sources */,
				7862E4F5242A5BAA0030F8E8 /* EraseViewConstraints.swift in Sources */,
				78859E572449CC9000F93442 /* ShapeSelectionViewController.swift in Sources */,
				788DA7B0245C5613006AA93D /* EndGameView.swift in Sources */,
				785FDEB624471A3F00E56F62 /* HintView.swift in Sources */,
				78810CCA241F90B6002828E2 /* MessageView.swift in Sources */,
				78859E5D244A1BB000F93442 /* LevelsCollectionViewController.swift in Sources */,
				785F42BB23EC69AB00B2CCA0 /* Sudoku.swift in Sources */,
				78294FCF241B882C00854A97 /* ErrorView.swift in Sources */,
				78C9B5DD241BEAAC00E1DB7A /* DoneButton.swift in Sources */,
				785C734723F19EBC00757B0E /* Game.swift in Sources */,
				78C9B5E0241BF27000E1DB7A /* ViewAppearanceAnimator.swift in Sources */,
				788CDC7F2422373900420F9B /* Statistic.swift in Sources */,
				7862E4F9242A60550030F8E8 /* YesButton.swift in Sources */,
				788CDC882422638E00420F9B /* StatisticTableViewCell.swift in Sources */,
				78C9B5E6241D08A500E1DB7A /* OptionsViewController.swift in Sources */,
				78181F1223E5BE3300836109 /* Cell.swift in Sources */,
				7879F06C244F56060062D3C9 /* LevelSelectionCollectionViewCell.swift in Sources */,
				786BC68D243F3F5000D42553 /* UIDevice+device.swift in Sources */,
				78B9B144243B6FB200024738 /* InfoView.swift in Sources */,
				786057D42465ABB600BB3A5D /* LevelChooser.swift in Sources */,
				786BC68B243F3EC300D42553 /* CALayer+Layers.swift in Sources */,
				786A4955244983A8000A2E17 /* SudokuView.swift in Sources */,
				788CDC8C24233DD200420F9B /* TextAppearenceAnimator.swift in Sources */,
				786BC693243F3FB500D42553 /* CGRect+rects.swift in Sources */,
				78181EF923E5BD9B00836109 /* AppDelegate.swift in Sources */,
				7862E4F7242A604C0030F8E8 /* NoButton.swift in Sources */,
				78118B3B2461A80F00DF2EDC /* GameViewController.swift in Sources */,
				7876D3AC2438B6C900FEA18D /* ShapeSudoku.swift in Sources */,
				7883A1C4241D2BE100ECB3FD /* TutorialViewConstraint.swift in Sources */,
				78C9B5E2241BF35D00E1DB7A /* ErrorViewAnimation.swift in Sources */,
				782239DB242133EF004E7D35 /* Options.swift in Sources */,
				785D09342440EC2E00053AD8 /* UIBezierPath+Points.swift in Sources */,
				788DA7B2245C5630006AA93D /* EndGameViewConstraints.swift in Sources */,
				788DA7B4245C8C3B006AA93D /* ShrinkableLabel.swift in Sources */,
				7862E4ED242651AD0030F8E8 /* StatisticButtonAnimator.swift in Sources */,
				78C9B5DB241BE98100E1DB7A /* TutorialView.swift in Sources */,
				785D09362440F94100053AD8 /* Shapes.swift in Sources */,
				78EABF3A242E296B00EF9A1E /* Rules.swift in Sources */,
				7862E4F3242A5B610030F8E8 /* EraseStatisticView.swift in Sources */,
			);
			runOnlyForDeploymentPostprocessing = 0;
		};
		78975CA524531251008AC114 /* Sources */ = {
			isa = PBXSourcesBuildPhase;
			buildActionMask = 2147483647;
			files = (
				78975CAC24531251008AC114 /* SudokuTest.swift in Sources */,
			);
			runOnlyForDeploymentPostprocessing = 0;
		};
/* End PBXSourcesBuildPhase section */

/* Begin PBXTargetDependency section */
		78975CAF24531251008AC114 /* PBXTargetDependency */ = {
			isa = PBXTargetDependency;
			target = 78181EF423E5BD9B00836109 /* Sudoku */;
			targetProxy = 78975CAE24531251008AC114 /* PBXContainerItemProxy */;
		};
/* End PBXTargetDependency section */

/* Begin XCBuildConfiguration section */
		78181F0723E5BD9C00836109 /* Debug */ = {
			isa = XCBuildConfiguration;
			buildSettings = {
				ALWAYS_SEARCH_USER_PATHS = NO;
				CLANG_ANALYZER_LOCALIZABILITY_NONLOCALIZED = YES;
				CLANG_ANALYZER_NONNULL = YES;
				CLANG_ANALYZER_NUMBER_OBJECT_CONVERSION = YES_AGGRESSIVE;
				CLANG_CXX_LANGUAGE_STANDARD = "gnu++14";
				CLANG_CXX_LIBRARY = "libc++";
				CLANG_ENABLE_MODULES = YES;
				CLANG_ENABLE_OBJC_ARC = YES;
				CLANG_ENABLE_OBJC_WEAK = YES;
				CLANG_WARN_BLOCK_CAPTURE_AUTORELEASING = YES;
				CLANG_WARN_BOOL_CONVERSION = YES;
				CLANG_WARN_COMMA = YES;
				CLANG_WARN_CONSTANT_CONVERSION = YES;
				CLANG_WARN_DEPRECATED_OBJC_IMPLEMENTATIONS = YES;
				CLANG_WARN_DIRECT_OBJC_ISA_USAGE = YES_ERROR;
				CLANG_WARN_DOCUMENTATION_COMMENTS = YES;
				CLANG_WARN_EMPTY_BODY = YES;
				CLANG_WARN_ENUM_CONVERSION = YES;
				CLANG_WARN_INFINITE_RECURSION = YES;
				CLANG_WARN_INT_CONVERSION = YES;
				CLANG_WARN_NON_LITERAL_NULL_CONVERSION = YES;
				CLANG_WARN_OBJC_IMPLICIT_RETAIN_SELF = YES;
				CLANG_WARN_OBJC_LITERAL_CONVERSION = YES;
				CLANG_WARN_OBJC_ROOT_CLASS = YES_ERROR;
				CLANG_WARN_RANGE_LOOP_ANALYSIS = YES;
				CLANG_WARN_STRICT_PROTOTYPES = YES;
				CLANG_WARN_SUSPICIOUS_MOVE = YES;
				CLANG_WARN_UNGUARDED_AVAILABILITY = YES_AGGRESSIVE;
				CLANG_WARN_UNREACHABLE_CODE = YES;
				CLANG_WARN__DUPLICATE_METHOD_MATCH = YES;
				COPY_PHASE_STRIP = NO;
				DEBUG_INFORMATION_FORMAT = dwarf;
				ENABLE_STRICT_OBJC_MSGSEND = YES;
				ENABLE_TESTABILITY = YES;
				GCC_C_LANGUAGE_STANDARD = gnu11;
				GCC_DYNAMIC_NO_PIC = NO;
				GCC_NO_COMMON_BLOCKS = YES;
				GCC_OPTIMIZATION_LEVEL = 0;
				GCC_PREPROCESSOR_DEFINITIONS = (
					"DEBUG=1",
					"$(inherited)",
				);
				GCC_WARN_64_TO_32_BIT_CONVERSION = YES;
				GCC_WARN_ABOUT_RETURN_TYPE = YES_ERROR;
				GCC_WARN_UNDECLARED_SELECTOR = YES;
				GCC_WARN_UNINITIALIZED_AUTOS = YES_AGGRESSIVE;
				GCC_WARN_UNUSED_FUNCTION = YES;
				GCC_WARN_UNUSED_VARIABLE = YES;
				IPHONEOS_DEPLOYMENT_TARGET = 13.0;
				MTL_ENABLE_DEBUG_INFO = INCLUDE_SOURCE;
				MTL_FAST_MATH = YES;
				ONLY_ACTIVE_ARCH = YES;
				SDKROOT = iphoneos;
				SWIFT_ACTIVE_COMPILATION_CONDITIONS = DEBUG;
				SWIFT_OPTIMIZATION_LEVEL = "-Onone";
			};
			name = Debug;
		};
		78181F0823E5BD9C00836109 /* Release */ = {
			isa = XCBuildConfiguration;
			buildSettings = {
				ALWAYS_SEARCH_USER_PATHS = NO;
				CLANG_ANALYZER_LOCALIZABILITY_NONLOCALIZED = YES;
				CLANG_ANALYZER_NONNULL = YES;
				CLANG_ANALYZER_NUMBER_OBJECT_CONVERSION = YES_AGGRESSIVE;
				CLANG_CXX_LANGUAGE_STANDARD = "gnu++14";
				CLANG_CXX_LIBRARY = "libc++";
				CLANG_ENABLE_MODULES = YES;
				CLANG_ENABLE_OBJC_ARC = YES;
				CLANG_ENABLE_OBJC_WEAK = YES;
				CLANG_WARN_BLOCK_CAPTURE_AUTORELEASING = YES;
				CLANG_WARN_BOOL_CONVERSION = YES;
				CLANG_WARN_COMMA = YES;
				CLANG_WARN_CONSTANT_CONVERSION = YES;
				CLANG_WARN_DEPRECATED_OBJC_IMPLEMENTATIONS = YES;
				CLANG_WARN_DIRECT_OBJC_ISA_USAGE = YES_ERROR;
				CLANG_WARN_DOCUMENTATION_COMMENTS = YES;
				CLANG_WARN_EMPTY_BODY = YES;
				CLANG_WARN_ENUM_CONVERSION = YES;
				CLANG_WARN_INFINITE_RECURSION = YES;
				CLANG_WARN_INT_CONVERSION = YES;
				CLANG_WARN_NON_LITERAL_NULL_CONVERSION = YES;
				CLANG_WARN_OBJC_IMPLICIT_RETAIN_SELF = YES;
				CLANG_WARN_OBJC_LITERAL_CONVERSION = YES;
				CLANG_WARN_OBJC_ROOT_CLASS = YES_ERROR;
				CLANG_WARN_RANGE_LOOP_ANALYSIS = YES;
				CLANG_WARN_STRICT_PROTOTYPES = YES;
				CLANG_WARN_SUSPICIOUS_MOVE = YES;
				CLANG_WARN_UNGUARDED_AVAILABILITY = YES_AGGRESSIVE;
				CLANG_WARN_UNREACHABLE_CODE = YES;
				CLANG_WARN__DUPLICATE_METHOD_MATCH = YES;
				COPY_PHASE_STRIP = NO;
				DEBUG_INFORMATION_FORMAT = "dwarf-with-dsym";
				ENABLE_NS_ASSERTIONS = NO;
				ENABLE_STRICT_OBJC_MSGSEND = YES;
				GCC_C_LANGUAGE_STANDARD = gnu11;
				GCC_NO_COMMON_BLOCKS = YES;
				GCC_WARN_64_TO_32_BIT_CONVERSION = YES;
				GCC_WARN_ABOUT_RETURN_TYPE = YES_ERROR;
				GCC_WARN_UNDECLARED_SELECTOR = YES;
				GCC_WARN_UNINITIALIZED_AUTOS = YES_AGGRESSIVE;
				GCC_WARN_UNUSED_FUNCTION = YES;
				GCC_WARN_UNUSED_VARIABLE = YES;
				IPHONEOS_DEPLOYMENT_TARGET = 13.0;
				MTL_ENABLE_DEBUG_INFO = NO;
				MTL_FAST_MATH = YES;
				SDKROOT = iphoneos;
				SWIFT_COMPILATION_MODE = wholemodule;
				SWIFT_OPTIMIZATION_LEVEL = "-O";
				VALIDATE_PRODUCT = YES;
			};
			name = Release;
		};
		78181F0A23E5BD9C00836109 /* Debug */ = {
			isa = XCBuildConfiguration;
			buildSettings = {
				ASSETCATALOG_COMPILER_APPICON_NAME = AppIcon;
				CODE_SIGN_STYLE = Automatic;
				DEVELOPMENT_TEAM = 36UX7SKY3J;
				INFOPLIST_FILE = Sudoku/Misc/Info.plist;
				IPHONEOS_DEPLOYMENT_TARGET = 11.0;
				LD_RUNPATH_SEARCH_PATHS = (
					"$(inherited)",
					"@executable_path/Frameworks",
				);
				PRODUCT_BUNDLE_IDENTIFIER = com.ios.developer.vl.studio.games.enter.sudoku;
				PRODUCT_NAME = "Судоку";
				SWIFT_VERSION = 5.0;
				TARGETED_DEVICE_FAMILY = 1;
			};
			name = Debug;
		};
		78181F0B23E5BD9C00836109 /* Release */ = {
			isa = XCBuildConfiguration;
			buildSettings = {
				ASSETCATALOG_COMPILER_APPICON_NAME = AppIcon;
				CODE_SIGN_STYLE = Automatic;
				DEVELOPMENT_TEAM = 36UX7SKY3J;
				INFOPLIST_FILE = Sudoku/Misc/Info.plist;
				IPHONEOS_DEPLOYMENT_TARGET = 11.0;
				LD_RUNPATH_SEARCH_PATHS = (
					"$(inherited)",
					"@executable_path/Frameworks",
				);
				PRODUCT_BUNDLE_IDENTIFIER = com.ios.developer.vl.studio.games.enter.sudoku;
				PRODUCT_NAME = "Судоку";
				SWIFT_VERSION = 5.0;
				TARGETED_DEVICE_FAMILY = 1;
			};
			name = Release;
		};
		78975CB124531251008AC114 /* Debug */ = {
			isa = XCBuildConfiguration;
			buildSettings = {
				BUNDLE_LOADER = "$(TEST_HOST)";
				CODE_SIGN_STYLE = Automatic;
				DEVELOPMENT_TEAM = 36UX7SKY3J;
				INFOPLIST_FILE = SudokuTest/Info.plist;
				IPHONEOS_DEPLOYMENT_TARGET = 11.0;
				LD_RUNPATH_SEARCH_PATHS = (
					"$(inherited)",
					"@executable_path/Frameworks",
					"@loader_path/Frameworks",
				);
				PRODUCT_BUNDLE_IDENTIFIER = com.vl.core.motion.SudokuTest;
				PRODUCT_NAME = "$(TARGET_NAME)";
				SWIFT_VERSION = 5.0;
				TARGETED_DEVICE_FAMILY = "1,2";
				TEST_HOST = "$(BUILT_PRODUCTS_DIR)/Судоку.app/Судоку";
			};
			name = Debug;
		};
		78975CB224531251008AC114 /* Release */ = {
			isa = XCBuildConfiguration;
			buildSettings = {
				BUNDLE_LOADER = "$(TEST_HOST)";
				CODE_SIGN_STYLE = Automatic;
				DEVELOPMENT_TEAM = 36UX7SKY3J;
				INFOPLIST_FILE = SudokuTest/Info.plist;
				IPHONEOS_DEPLOYMENT_TARGET = 11.0;
				LD_RUNPATH_SEARCH_PATHS = (
					"$(inherited)",
					"@executable_path/Frameworks",
					"@loader_path/Frameworks",
				);
				PRODUCT_BUNDLE_IDENTIFIER = com.vl.core.motion.SudokuTest;
				PRODUCT_NAME = "$(TARGET_NAME)";
				SWIFT_VERSION = 5.0;
				TARGETED_DEVICE_FAMILY = "1,2";
				TEST_HOST = "$(BUILT_PRODUCTS_DIR)/Судоку.app/Судоку";
			};
			name = Release;
		};
/* End XCBuildConfiguration section */

/* Begin XCConfigurationList section */
		78181EF023E5BD9B00836109 /* Build configuration list for PBXProject "Sudoku" */ = {
			isa = XCConfigurationList;
			buildConfigurations = (
				78181F0723E5BD9C00836109 /* Debug */,
				78181F0823E5BD9C00836109 /* Release */,
			);
			defaultConfigurationIsVisible = 0;
			defaultConfigurationName = Release;
		};
		78181F0923E5BD9C00836109 /* Build configuration list for PBXNativeTarget "Sudoku" */ = {
			isa = XCConfigurationList;
			buildConfigurations = (
				78181F0A23E5BD9C00836109 /* Debug */,
				78181F0B23E5BD9C00836109 /* Release */,
			);
			defaultConfigurationIsVisible = 0;
			defaultConfigurationName = Release;
		};
		78975CB024531251008AC114 /* Build configuration list for PBXNativeTarget "SudokuTest" */ = {
			isa = XCConfigurationList;
			buildConfigurations = (
				78975CB124531251008AC114 /* Debug */,
				78975CB224531251008AC114 /* Release */,
			);
			defaultConfigurationIsVisible = 0;
			defaultConfigurationName = Release;
		};
/* End XCConfigurationList section */
	};
	rootObject = 78181EED23E5BD9B00836109 /* Project object */;
}
