// !$*UTF8*$!
{
	archiveVersion = 1;
	classes = {
	};
	objectVersion = 50;
	objects = {

/* Begin PBXBuildFile section */
		78181EF923E5BD9B00836109 /* AppDelegate.swift in Sources */ = {isa = PBXBuildFile; fileRef = 78181EF823E5BD9B00836109 /* AppDelegate.swift */; };
		78181F0023E5BD9B00836109 /* Main.storyboard in Resources */ = {isa = PBXBuildFile; fileRef = 78181EFE23E5BD9B00836109 /* Main.storyboard */; };
		78181F0223E5BD9C00836109 /* Assets.xcassets in Resources */ = {isa = PBXBuildFile; fileRef = 78181F0123E5BD9C00836109 /* Assets.xcassets */; };
		78181F0523E5BD9C00836109 /* LaunchScreen.storyboard in Resources */ = {isa = PBXBuildFile; fileRef = 78181F0323E5BD9C00836109 /* LaunchScreen.storyboard */; };
		78181F1023E5BE2A00836109 /* SudokuViewController.swift in Sources */ = {isa = PBXBuildFile; fileRef = 78181F0F23E5BE2A00836109 /* SudokuViewController.swift */; };
		78181F1223E5BE3300836109 /* Cell.swift in Sources */ = {isa = PBXBuildFile; fileRef = 78181F1123E5BE3300836109 /* Cell.swift */; };
		78181F1423E5C7F000836109 /* Extensions.swift in Sources */ = {isa = PBXBuildFile; fileRef = 78181F1323E5C7F000836109 /* Extensions.swift */; };
		782239CB2420D967004E7D35 /* TriangleView.swift in Sources */ = {isa = PBXBuildFile; fileRef = 782239CA2420D967004E7D35 /* TriangleView.swift */; };
		782239CD2420ECF7004E7D35 /* ShrinkableButton.swift in Sources */ = {isa = PBXBuildFile; fileRef = 782239CC2420ECF7004E7D35 /* ShrinkableButton.swift */; };
		782239DB242133EF004E7D35 /* Options.swift in Sources */ = {isa = PBXBuildFile; fileRef = 782239DA242133EF004E7D35 /* Options.swift */; };
		78294FCF241B882C00854A97 /* ErrorView.swift in Sources */ = {isa = PBXBuildFile; fileRef = 78294FCE241B882C00854A97 /* ErrorView.swift */; };
		78294FD1241B93A700854A97 /* Constants.swift in Sources */ = {isa = PBXBuildFile; fileRef = 78294FD0241B93A700854A97 /* Constants.swift */; };
		78294FD3241BAA6400854A97 /* RombCell.swift in Sources */ = {isa = PBXBuildFile; fileRef = 78294FD2241BAA6400854A97 /* RombCell.swift */; };
		785C734123F192A000757B0E /* SudokuSolver.swift in Sources */ = {isa = PBXBuildFile; fileRef = 785C734023F192A000757B0E /* SudokuSolver.swift */; };
		785C734323F1957A00757B0E /* SudokuGenerator.swift in Sources */ = {isa = PBXBuildFile; fileRef = 785C734223F1957A00757B0E /* SudokuGenerator.swift */; };
		785C734723F19EBC00757B0E /* Game.swift in Sources */ = {isa = PBXBuildFile; fileRef = 785C734623F19EBC00757B0E /* Game.swift */; };
		785C734F23F2B81800757B0E /* SudokuUITests.swift in Sources */ = {isa = PBXBuildFile; fileRef = 785C734E23F2B81800757B0E /* SudokuUITests.swift */; };
		785ED3FA23F2EAE6009E78B0 /* SudokuSolverTests.swift in Sources */ = {isa = PBXBuildFile; fileRef = 785ED3F923F2EAE6009E78B0 /* SudokuSolverTests.swift */; };
		785F42BB23EC69AB00B2CCA0 /* Sudoku.swift in Sources */ = {isa = PBXBuildFile; fileRef = 785F42BA23EC69AB00B2CCA0 /* Sudoku.swift */; };
		7862E4ED242651AD0030F8E8 /* StatisticButtonAnimator.swift in Sources */ = {isa = PBXBuildFile; fileRef = 7862E4EC242651AD0030F8E8 /* StatisticButtonAnimator.swift */; };
		7862E4F3242A5B610030F8E8 /* EraseStatisticView.swift in Sources */ = {isa = PBXBuildFile; fileRef = 7862E4F2242A5B610030F8E8 /* EraseStatisticView.swift */; };
		7862E4F5242A5BAA0030F8E8 /* EraseViewConstraints.swift in Sources */ = {isa = PBXBuildFile; fileRef = 7862E4F4242A5BAA0030F8E8 /* EraseViewConstraints.swift */; };
		7862E4F7242A604C0030F8E8 /* NoButton.swift in Sources */ = {isa = PBXBuildFile; fileRef = 7862E4F6242A604B0030F8E8 /* NoButton.swift */; };
		7862E4F9242A60550030F8E8 /* YesButton.swift in Sources */ = {isa = PBXBuildFile; fileRef = 7862E4F8242A60550030F8E8 /* YesButton.swift */; };
		7862EC8323F2F4CE00399263 /* GameViewController.swift in Sources */ = {isa = PBXBuildFile; fileRef = 7862EC8223F2F4CD00399263 /* GameViewController.swift */; };
		7877D1B923ED95B000E43314 /* BorderedCell.swift in Sources */ = {isa = PBXBuildFile; fileRef = 7877D1B823ED95B000E43314 /* BorderedCell.swift */; };
		78810CCA241F90B6002828E2 /* MessageView.swift in Sources */ = {isa = PBXBuildFile; fileRef = 78810CC9241F90B6002828E2 /* MessageView.swift */; };
		7883A1C4241D2BE100ECB3FD /* TutorialViewConstraint.swift in Sources */ = {isa = PBXBuildFile; fileRef = 7883A1C3241D2BE000ECB3FD /* TutorialViewConstraint.swift */; };
		7883A1C9241D3D9200ECB3FD /* Localizable.strings in Resources */ = {isa = PBXBuildFile; fileRef = 7883A1CB241D3D9200ECB3FD /* Localizable.strings */; };
		7883A1CF241D43AC00ECB3FD /* FinishGameView.swift in Sources */ = {isa = PBXBuildFile; fileRef = 7883A1CE241D43AC00ECB3FD /* FinishGameView.swift */; };
		788CDC7F2422373900420F9B /* Statistic.swift in Sources */ = {isa = PBXBuildFile; fileRef = 788CDC7E2422373900420F9B /* Statistic.swift */; };
		788CDC8624225DAB00420F9B /* TimerCounter.swift in Sources */ = {isa = PBXBuildFile; fileRef = 788CDC8524225DAB00420F9B /* TimerCounter.swift */; };
		788CDC882422638E00420F9B /* StatisticTableViewCell.swift in Sources */ = {isa = PBXBuildFile; fileRef = 788CDC872422638E00420F9B /* StatisticTableViewCell.swift */; };
		788CDC8A2422745900420F9B /* CellAnimator.swift in Sources */ = {isa = PBXBuildFile; fileRef = 788CDC892422745900420F9B /* CellAnimator.swift */; };
		788CDC8C24233DD200420F9B /* TextAppearenceAnimator.swift in Sources */ = {isa = PBXBuildFile; fileRef = 788CDC8B24233DD200420F9B /* TextAppearenceAnimator.swift */; };
		788CDC8E242345D800420F9B /* UIColor+Colors.swift in Sources */ = {isa = PBXBuildFile; fileRef = 788CDC8D242345D800420F9B /* UIColor+Colors.swift */; };
		7891FA80241A2F3D003BF6BA /* MainViewController.swift in Sources */ = {isa = PBXBuildFile; fileRef = 7891FA7F241A2F3D003BF6BA /* MainViewController.swift */; };
		7895216B241A431C004F8C1C /* BackButton.swift in Sources */ = {isa = PBXBuildFile; fileRef = 7895216A241A431C004F8C1C /* BackButton.swift */; };
		78969737241A2FAB0054397E /* LevelsViewController.swift in Sources */ = {isa = PBXBuildFile; fileRef = 78969736241A2FAB0054397E /* LevelsViewController.swift */; };
		7896973F241A321B0054397E /* DiagonalCell.swift in Sources */ = {isa = PBXBuildFile; fileRef = 7896973E241A321B0054397E /* DiagonalCell.swift */; };
		78C9B5DB241BE98100E1DB7A /* TutorialView.swift in Sources */ = {isa = PBXBuildFile; fileRef = 78C9B5DA241BE98100E1DB7A /* TutorialView.swift */; };
		78C9B5DD241BEAAC00E1DB7A /* DoneButton.swift in Sources */ = {isa = PBXBuildFile; fileRef = 78C9B5DC241BEAAC00E1DB7A /* DoneButton.swift */; };
		78C9B5E0241BF27000E1DB7A /* TutorialViewAnimator.swift in Sources */ = {isa = PBXBuildFile; fileRef = 78C9B5DF241BF27000E1DB7A /* TutorialViewAnimator.swift */; };
		78C9B5E2241BF35D00E1DB7A /* ErrorViewAnimation.swift in Sources */ = {isa = PBXBuildFile; fileRef = 78C9B5E1241BF35D00E1DB7A /* ErrorViewAnimation.swift */; };
		78C9B5E6241D08A500E1DB7A /* OptionsViewController.swift in Sources */ = {isa = PBXBuildFile; fileRef = 78C9B5E5241D08A500E1DB7A /* OptionsViewController.swift */; };
		78C9B5E8241D08BC00E1DB7A /* StatisticViewController.swift in Sources */ = {isa = PBXBuildFile; fileRef = 78C9B5E7241D08BC00E1DB7A /* StatisticViewController.swift */; };
		78EABF3A242E296B00EF9A1E /* Rules.swift in Sources */ = {isa = PBXBuildFile; fileRef = 78EABF39242E296B00EF9A1E /* Rules.swift */; };
/* End PBXBuildFile section */

/* Begin PBXContainerItemProxy section */
		785C735123F2B81800757B0E /* PBXContainerItemProxy */ = {
			isa = PBXContainerItemProxy;
			containerPortal = 78181EED23E5BD9B00836109 /* Project object */;
			proxyType = 1;
			remoteGlobalIDString = 78181EF423E5BD9B00836109;
			remoteInfo = Sudoku;
		};
		785F42B523EC53E200B2CCA0 /* PBXContainerItemProxy */ = {
			isa = PBXContainerItemProxy;
			containerPortal = 78181EED23E5BD9B00836109 /* Project object */;
			proxyType = 1;
			remoteGlobalIDString = 78181EF423E5BD9B00836109;
			remoteInfo = Sudoku;
		};
/* End PBXContainerItemProxy section */

/* Begin PBXFileReference section */
		78181EF523E5BD9B00836109 /* Sudoku.app */ = {isa = PBXFileReference; explicitFileType = wrapper.application; includeInIndex = 0; path = Sudoku.app; sourceTree = BUILT_PRODUCTS_DIR; };
		78181EF823E5BD9B00836109 /* AppDelegate.swift */ = {isa = PBXFileReference; lastKnownFileType = sourcecode.swift; path = AppDelegate.swift; sourceTree = "<group>"; };
		78181EFF23E5BD9B00836109 /* Base */ = {isa = PBXFileReference; lastKnownFileType = file.storyboard; name = Base; path = Base.lproj/Main.storyboard; sourceTree = "<group>"; };
		78181F0123E5BD9C00836109 /* Assets.xcassets */ = {isa = PBXFileReference; lastKnownFileType = folder.assetcatalog; path = Assets.xcassets; sourceTree = "<group>"; };
		78181F0423E5BD9C00836109 /* Base */ = {isa = PBXFileReference; lastKnownFileType = file.storyboard; name = Base; path = Base.lproj/LaunchScreen.storyboard; sourceTree = "<group>"; };
		78181F0623E5BD9C00836109 /* Info.plist */ = {isa = PBXFileReference; lastKnownFileType = text.plist.xml; path = Info.plist; sourceTree = "<group>"; };
		78181F0F23E5BE2A00836109 /* SudokuViewController.swift */ = {isa = PBXFileReference; lastKnownFileType = sourcecode.swift; path = SudokuViewController.swift; sourceTree = "<group>"; };
		78181F1123E5BE3300836109 /* Cell.swift */ = {isa = PBXFileReference; lastKnownFileType = sourcecode.swift; path = Cell.swift; sourceTree = "<group>"; };
		78181F1323E5C7F000836109 /* Extensions.swift */ = {isa = PBXFileReference; lastKnownFileType = sourcecode.swift; path = Extensions.swift; sourceTree = "<group>"; };
		782239CA2420D967004E7D35 /* TriangleView.swift */ = {isa = PBXFileReference; lastKnownFileType = sourcecode.swift; path = TriangleView.swift; sourceTree = "<group>"; };
		782239CC2420ECF7004E7D35 /* ShrinkableButton.swift */ = {isa = PBXFileReference; lastKnownFileType = sourcecode.swift; path = ShrinkableButton.swift; sourceTree = "<group>"; };
		782239DA242133EF004E7D35 /* Options.swift */ = {isa = PBXFileReference; lastKnownFileType = sourcecode.swift; path = Options.swift; sourceTree = "<group>"; };
		78294FCE241B882C00854A97 /* ErrorView.swift */ = {isa = PBXFileReference; lastKnownFileType = sourcecode.swift; path = ErrorView.swift; sourceTree = "<group>"; };
		78294FD0241B93A700854A97 /* Constants.swift */ = {isa = PBXFileReference; lastKnownFileType = sourcecode.swift; path = Constants.swift; sourceTree = "<group>"; };
		78294FD2241BAA6400854A97 /* RombCell.swift */ = {isa = PBXFileReference; lastKnownFileType = sourcecode.swift; path = RombCell.swift; sourceTree = "<group>"; };
		785C734023F192A000757B0E /* SudokuSolver.swift */ = {isa = PBXFileReference; lastKnownFileType = sourcecode.swift; path = SudokuSolver.swift; sourceTree = "<group>"; };
		785C734223F1957A00757B0E /* SudokuGenerator.swift */ = {isa = PBXFileReference; lastKnownFileType = sourcecode.swift; path = SudokuGenerator.swift; sourceTree = "<group>"; };
		785C734623F19EBC00757B0E /* Game.swift */ = {isa = PBXFileReference; lastKnownFileType = sourcecode.swift; path = Game.swift; sourceTree = "<group>"; };
		785C734C23F2B81800757B0E /* SudokuUITests.xctest */ = {isa = PBXFileReference; explicitFileType = wrapper.cfbundle; includeInIndex = 0; path = SudokuUITests.xctest; sourceTree = BUILT_PRODUCTS_DIR; };
		785C734E23F2B81800757B0E /* SudokuUITests.swift */ = {isa = PBXFileReference; lastKnownFileType = sourcecode.swift; path = SudokuUITests.swift; sourceTree = "<group>"; };
		785C735023F2B81800757B0E /* Info.plist */ = {isa = PBXFileReference; lastKnownFileType = text.plist.xml; path = Info.plist; sourceTree = "<group>"; };
		785ED3F923F2EAE6009E78B0 /* SudokuSolverTests.swift */ = {isa = PBXFileReference; lastKnownFileType = sourcecode.swift; path = SudokuSolverTests.swift; sourceTree = "<group>"; };
		785F42B023EC53E200B2CCA0 /* SudokuTests.xctest */ = {isa = PBXFileReference; explicitFileType = wrapper.cfbundle; includeInIndex = 0; path = SudokuTests.xctest; sourceTree = BUILT_PRODUCTS_DIR; };
		785F42B423EC53E200B2CCA0 /* Info.plist */ = {isa = PBXFileReference; lastKnownFileType = text.plist.xml; path = Info.plist; sourceTree = "<group>"; };
		785F42BA23EC69AB00B2CCA0 /* Sudoku.swift */ = {isa = PBXFileReference; lastKnownFileType = sourcecode.swift; path = Sudoku.swift; sourceTree = "<group>"; };
		7862E4EC242651AD0030F8E8 /* StatisticButtonAnimator.swift */ = {isa = PBXFileReference; lastKnownFileType = sourcecode.swift; path = StatisticButtonAnimator.swift; sourceTree = "<group>"; };
		7862E4F2242A5B610030F8E8 /* EraseStatisticView.swift */ = {isa = PBXFileReference; lastKnownFileType = sourcecode.swift; path = EraseStatisticView.swift; sourceTree = "<group>"; };
		7862E4F4242A5BAA0030F8E8 /* EraseViewConstraints.swift */ = {isa = PBXFileReference; lastKnownFileType = sourcecode.swift; path = EraseViewConstraints.swift; sourceTree = "<group>"; };
		7862E4F6242A604B0030F8E8 /* NoButton.swift */ = {isa = PBXFileReference; lastKnownFileType = sourcecode.swift; path = NoButton.swift; sourceTree = "<group>"; };
		7862E4F8242A60550030F8E8 /* YesButton.swift */ = {isa = PBXFileReference; lastKnownFileType = sourcecode.swift; path = YesButton.swift; sourceTree = "<group>"; };
		7862EC8223F2F4CD00399263 /* GameViewController.swift */ = {isa = PBXFileReference; lastKnownFileType = sourcecode.swift; path = GameViewController.swift; sourceTree = "<group>"; };
		7877D1B823ED95B000E43314 /* BorderedCell.swift */ = {isa = PBXFileReference; lastKnownFileType = sourcecode.swift; path = BorderedCell.swift; sourceTree = "<group>"; };
		78810CC9241F90B6002828E2 /* MessageView.swift */ = {isa = PBXFileReference; lastKnownFileType = sourcecode.swift; path = MessageView.swift; sourceTree = "<group>"; };
		7883A1C3241D2BE000ECB3FD /* TutorialViewConstraint.swift */ = {isa = PBXFileReference; lastKnownFileType = sourcecode.swift; path = TutorialViewConstraint.swift; sourceTree = "<group>"; };
		7883A1C5241D3CF200ECB3FD /* ru */ = {isa = PBXFileReference; lastKnownFileType = text.plist.strings; name = ru; path = ru.lproj/Main.strings; sourceTree = "<group>"; };
		7883A1CA241D3D9200ECB3FD /* en */ = {isa = PBXFileReference; lastKnownFileType = text.plist.strings; name = en; path = en.lproj/Localizable.strings; sourceTree = "<group>"; };
		7883A1CC241D3D9B00ECB3FD /* de */ = {isa = PBXFileReference; lastKnownFileType = text.plist.strings; name = de; path = de.lproj/Localizable.strings; sourceTree = "<group>"; };
		7883A1CD241D3D9C00ECB3FD /* ru */ = {isa = PBXFileReference; lastKnownFileType = text.plist.strings; name = ru; path = ru.lproj/Localizable.strings; sourceTree = "<group>"; };
		7883A1CE241D43AC00ECB3FD /* FinishGameView.swift */ = {isa = PBXFileReference; lastKnownFileType = sourcecode.swift; path = FinishGameView.swift; sourceTree = "<group>"; };
		788CDC7E2422373900420F9B /* Statistic.swift */ = {isa = PBXFileReference; lastKnownFileType = sourcecode.swift; path = Statistic.swift; sourceTree = "<group>"; };
		788CDC8524225DAB00420F9B /* TimerCounter.swift */ = {isa = PBXFileReference; lastKnownFileType = sourcecode.swift; path = TimerCounter.swift; sourceTree = "<group>"; };
		788CDC872422638E00420F9B /* StatisticTableViewCell.swift */ = {isa = PBXFileReference; lastKnownFileType = sourcecode.swift; name = StatisticTableViewCell.swift; path = Sudoku/Model/StatisticTableViewCell.swift; sourceTree = SOURCE_ROOT; };
		788CDC892422745900420F9B /* CellAnimator.swift */ = {isa = PBXFileReference; lastKnownFileType = sourcecode.swift; path = CellAnimator.swift; sourceTree = "<group>"; };
		788CDC8B24233DD200420F9B /* TextAppearenceAnimator.swift */ = {isa = PBXFileReference; lastKnownFileType = sourcecode.swift; path = TextAppearenceAnimator.swift; sourceTree = "<group>"; };
		788CDC8D242345D800420F9B /* UIColor+Colors.swift */ = {isa = PBXFileReference; lastKnownFileType = sourcecode.swift; path = "UIColor+Colors.swift"; sourceTree = "<group>"; };
		7891FA7F241A2F3D003BF6BA /* MainViewController.swift */ = {isa = PBXFileReference; lastKnownFileType = sourcecode.swift; path = MainViewController.swift; sourceTree = "<group>"; };
		7895216A241A431C004F8C1C /* BackButton.swift */ = {isa = PBXFileReference; fileEncoding = 4; lastKnownFileType = sourcecode.swift; path = BackButton.swift; sourceTree = "<group>"; };
		78969736241A2FAB0054397E /* LevelsViewController.swift */ = {isa = PBXFileReference; lastKnownFileType = sourcecode.swift; path = LevelsViewController.swift; sourceTree = "<group>"; };
		7896973E241A321B0054397E /* DiagonalCell.swift */ = {isa = PBXFileReference; lastKnownFileType = sourcecode.swift; path = DiagonalCell.swift; sourceTree = "<group>"; };
		78C9B5DA241BE98100E1DB7A /* TutorialView.swift */ = {isa = PBXFileReference; lastKnownFileType = sourcecode.swift; path = TutorialView.swift; sourceTree = "<group>"; };
		78C9B5DC241BEAAC00E1DB7A /* DoneButton.swift */ = {isa = PBXFileReference; lastKnownFileType = sourcecode.swift; path = DoneButton.swift; sourceTree = "<group>"; };
		78C9B5DF241BF27000E1DB7A /* TutorialViewAnimator.swift */ = {isa = PBXFileReference; lastKnownFileType = sourcecode.swift; path = TutorialViewAnimator.swift; sourceTree = "<group>"; };
		78C9B5E1241BF35D00E1DB7A /* ErrorViewAnimation.swift */ = {isa = PBXFileReference; lastKnownFileType = sourcecode.swift; path = ErrorViewAnimation.swift; sourceTree = "<group>"; };
		78C9B5E5241D08A500E1DB7A /* OptionsViewController.swift */ = {isa = PBXFileReference; lastKnownFileType = sourcecode.swift; path = OptionsViewController.swift; sourceTree = "<group>"; };
		78C9B5E7241D08BC00E1DB7A /* StatisticViewController.swift */ = {isa = PBXFileReference; lastKnownFileType = sourcecode.swift; path = StatisticViewController.swift; sourceTree = "<group>"; };
		78EABF38242E21B900EF9A1E /* de */ = {isa = PBXFileReference; lastKnownFileType = text.plist.strings; name = de; path = de.lproj/Main.strings; sourceTree = "<group>"; };
		78EABF39242E296B00EF9A1E /* Rules.swift */ = {isa = PBXFileReference; lastKnownFileType = sourcecode.swift; path = Rules.swift; sourceTree = "<group>"; };
/* End PBXFileReference section */

/* Begin PBXFrameworksBuildPhase section */
		78181EF223E5BD9B00836109 /* Frameworks */ = {
			isa = PBXFrameworksBuildPhase;
			buildActionMask = 2147483647;
			files = (
			);
			runOnlyForDeploymentPostprocessing = 0;
		};
		785C734923F2B81800757B0E /* Frameworks */ = {
			isa = PBXFrameworksBuildPhase;
			buildActionMask = 2147483647;
			files = (
			);
			runOnlyForDeploymentPostprocessing = 0;
		};
		785F42AD23EC53E200B2CCA0 /* Frameworks */ = {
			isa = PBXFrameworksBuildPhase;
			buildActionMask = 2147483647;
			files = (
			);
			runOnlyForDeploymentPostprocessing = 0;
		};
/* End PBXFrameworksBuildPhase section */

/* Begin PBXGroup section */
		78181EEC23E5BD9B00836109 = {
			isa = PBXGroup;
			children = (
				78181EF723E5BD9B00836109 /* Sudoku */,
				785F42B123EC53E200B2CCA0 /* SudokuTests */,
				785C734D23F2B81800757B0E /* SudokuUITests */,
				78181EF623E5BD9B00836109 /* Products */,
			);
			sourceTree = "<group>";
		};
		78181EF623E5BD9B00836109 /* Products */ = {
			isa = PBXGroup;
			children = (
				78181EF523E5BD9B00836109 /* Sudoku.app */,
				785F42B023EC53E200B2CCA0 /* SudokuTests.xctest */,
				785C734C23F2B81800757B0E /* SudokuUITests.xctest */,
			);
			name = Products;
			sourceTree = "<group>";
		};
		78181EF723E5BD9B00836109 /* Sudoku */ = {
			isa = PBXGroup;
			children = (
				78181EFE23E5BD9B00836109 /* Main.storyboard */,
				7883A1CB241D3D9200ECB3FD /* Localizable.strings */,
				785C734423F19E6900757B0E /* Model */,
				7894D919242B62B90067D313 /* Sudoku model */,
				7895216C241A4B6A004F8C1C /* Button */,
				785C734523F19E7200757B0E /* View */,
				7883A1C2241D2BBB00ECB3FD /* Constraints */,
				78C9B5DE241BF18400E1DB7A /* Animation */,
				78294FD6241BACDA00854A97 /* GameControllers */,
				7862EC8423F2F4D300399263 /* Controller */,
				788CDC8024223ACA00420F9B /* TableViewCell */,
				78181F0C23E5BDCA00836109 /* Misc */,
			);
			path = Sudoku;
			sourceTree = "<group>";
		};
		78181F0C23E5BDCA00836109 /* Misc */ = {
			isa = PBXGroup;
			children = (
				78181EF823E5BD9B00836109 /* AppDelegate.swift */,
				78181F1323E5C7F000836109 /* Extensions.swift */,
				78294FD0241B93A700854A97 /* Constants.swift */,
				788CDC8D242345D800420F9B /* UIColor+Colors.swift */,
				78181F0123E5BD9C00836109 /* Assets.xcassets */,
				78181F0323E5BD9C00836109 /* LaunchScreen.storyboard */,
				78181F0623E5BD9C00836109 /* Info.plist */,
			);
			path = Misc;
			sourceTree = "<group>";
		};
		78294FD6241BACDA00854A97 /* GameControllers */ = {
			isa = PBXGroup;
			children = (
				78181F0F23E5BE2A00836109 /* SudokuViewController.swift */,
				7862EC8223F2F4CD00399263 /* GameViewController.swift */,
			);
			path = GameControllers;
			sourceTree = "<group>";
		};
		785C734423F19E6900757B0E /* Model */ = {
			isa = PBXGroup;
			children = (
				785C734623F19EBC00757B0E /* Game.swift */,
				782239DA242133EF004E7D35 /* Options.swift */,
				788CDC7E2422373900420F9B /* Statistic.swift */,
				788CDC8524225DAB00420F9B /* TimerCounter.swift */,
				78EABF39242E296B00EF9A1E /* Rules.swift */,
			);
			path = Model;
			sourceTree = "<group>";
		};
		785C734523F19E7200757B0E /* View */ = {
			isa = PBXGroup;
			children = (
				78810CC9241F90B6002828E2 /* MessageView.swift */,
				78294FCE241B882C00854A97 /* ErrorView.swift */,
				78C9B5DA241BE98100E1DB7A /* TutorialView.swift */,
				7883A1CE241D43AC00ECB3FD /* FinishGameView.swift */,
				782239CA2420D967004E7D35 /* TriangleView.swift */,
				7862E4F2242A5B610030F8E8 /* EraseStatisticView.swift */,
			);
			path = View;
			sourceTree = "<group>";
		};
		785C734D23F2B81800757B0E /* SudokuUITests */ = {
			isa = PBXGroup;
			children = (
				785C734E23F2B81800757B0E /* SudokuUITests.swift */,
				785C735023F2B81800757B0E /* Info.plist */,
			);
			path = SudokuUITests;
			sourceTree = "<group>";
		};
		785F42B123EC53E200B2CCA0 /* SudokuTests */ = {
			isa = PBXGroup;
			children = (
				785ED3F923F2EAE6009E78B0 /* SudokuSolverTests.swift */,
				785F42B423EC53E200B2CCA0 /* Info.plist */,
			);
			path = SudokuTests;
			sourceTree = "<group>";
		};
		7862EC8423F2F4D300399263 /* Controller */ = {
			isa = PBXGroup;
			children = (
				7891FA7F241A2F3D003BF6BA /* MainViewController.swift */,
				78969736241A2FAB0054397E /* LevelsViewController.swift */,
				78C9B5E5241D08A500E1DB7A /* OptionsViewController.swift */,
				78C9B5E7241D08BC00E1DB7A /* StatisticViewController.swift */,
			);
			path = Controller;
			sourceTree = "<group>";
		};
		7883A1C2241D2BBB00ECB3FD /* Constraints */ = {
			isa = PBXGroup;
			children = (
				7883A1C3241D2BE000ECB3FD /* TutorialViewConstraint.swift */,
				7862E4F4242A5BAA0030F8E8 /* EraseViewConstraints.swift */,
			);
			path = Constraints;
			sourceTree = "<group>";
		};
		788CDC8024223ACA00420F9B /* TableViewCell */ = {
			isa = PBXGroup;
			children = (
				788CDC872422638E00420F9B /* StatisticTableViewCell.swift */,
			);
			path = TableViewCell;
			sourceTree = "<group>";
		};
		7894D919242B62B90067D313 /* Sudoku model */ = {
			isa = PBXGroup;
			children = (
				785F42BA23EC69AB00B2CCA0 /* Sudoku.swift */,
				785C734223F1957A00757B0E /* SudokuGenerator.swift */,
				785C734023F192A000757B0E /* SudokuSolver.swift */,
			);
			path = "Sudoku model";
			sourceTree = "<group>";
		};
		7895216C241A4B6A004F8C1C /* Button */ = {
			isa = PBXGroup;
			children = (
				78181F1123E5BE3300836109 /* Cell.swift */,
				7895216A241A431C004F8C1C /* BackButton.swift */,
				782239CC2420ECF7004E7D35 /* ShrinkableButton.swift */,
				7877D1B823ED95B000E43314 /* BorderedCell.swift */,
				7896973E241A321B0054397E /* DiagonalCell.swift */,
				78294FD2241BAA6400854A97 /* RombCell.swift */,
				78C9B5DC241BEAAC00E1DB7A /* DoneButton.swift */,
				7862E4F6242A604B0030F8E8 /* NoButton.swift */,
				7862E4F8242A60550030F8E8 /* YesButton.swift */,
			);
			path = Button;
			sourceTree = "<group>";
		};
		78C9B5DE241BF18400E1DB7A /* Animation */ = {
			isa = PBXGroup;
			children = (
				78C9B5DF241BF27000E1DB7A /* TutorialViewAnimator.swift */,
				78C9B5E1241BF35D00E1DB7A /* ErrorViewAnimation.swift */,
				788CDC892422745900420F9B /* CellAnimator.swift */,
				788CDC8B24233DD200420F9B /* TextAppearenceAnimator.swift */,
				7862E4EC242651AD0030F8E8 /* StatisticButtonAnimator.swift */,
			);
			path = Animation;
			sourceTree = "<group>";
		};
/* End PBXGroup section */

/* Begin PBXNativeTarget section */
		78181EF423E5BD9B00836109 /* Sudoku */ = {
			isa = PBXNativeTarget;
			buildConfigurationList = 78181F0923E5BD9C00836109 /* Build configuration list for PBXNativeTarget "Sudoku" */;
			buildPhases = (
				78181EF123E5BD9B00836109 /* Sources */,
				78181EF223E5BD9B00836109 /* Frameworks */,
				78181EF323E5BD9B00836109 /* Resources */,
			);
			buildRules = (
			);
			dependencies = (
			);
			name = Sudoku;
			productName = Sudoku;
			productReference = 78181EF523E5BD9B00836109 /* Sudoku.app */;
			productType = "com.apple.product-type.application";
		};
		785C734B23F2B81800757B0E /* SudokuUITests */ = {
			isa = PBXNativeTarget;
			buildConfigurationList = 785C735323F2B81800757B0E /* Build configuration list for PBXNativeTarget "SudokuUITests" */;
			buildPhases = (
				785C734823F2B81800757B0E /* Sources */,
				785C734923F2B81800757B0E /* Frameworks */,
				785C734A23F2B81800757B0E /* Resources */,
			);
			buildRules = (
			);
			dependencies = (
				785C735223F2B81800757B0E /* PBXTargetDependency */,
			);
			name = SudokuUITests;
			productName = SudokuUITests;
			productReference = 785C734C23F2B81800757B0E /* SudokuUITests.xctest */;
			productType = "com.apple.product-type.bundle.ui-testing";
		};
		785F42AF23EC53E200B2CCA0 /* SudokuTests */ = {
			isa = PBXNativeTarget;
			buildConfigurationList = 785F42B923EC53E200B2CCA0 /* Build configuration list for PBXNativeTarget "SudokuTests" */;
			buildPhases = (
				785F42AC23EC53E200B2CCA0 /* Sources */,
				785F42AD23EC53E200B2CCA0 /* Frameworks */,
				785F42AE23EC53E200B2CCA0 /* Resources */,
			);
			buildRules = (
			);
			dependencies = (
				785F42B623EC53E200B2CCA0 /* PBXTargetDependency */,
			);
			name = SudokuTests;
			productName = SudokuTests;
			productReference = 785F42B023EC53E200B2CCA0 /* SudokuTests.xctest */;
			productType = "com.apple.product-type.bundle.unit-test";
		};
/* End PBXNativeTarget section */

/* Begin PBXProject section */
		78181EED23E5BD9B00836109 /* Project object */ = {
			isa = PBXProject;
			attributes = {
				LastSwiftUpdateCheck = 1120;
				LastUpgradeCheck = 1120;
				ORGANIZATIONNAME = VL;
				TargetAttributes = {
					78181EF423E5BD9B00836109 = {
						CreatedOnToolsVersion = 11.2;
					};
					785C734B23F2B81800757B0E = {
						CreatedOnToolsVersion = 11.2;
						TestTargetID = 78181EF423E5BD9B00836109;
					};
					785F42AF23EC53E200B2CCA0 = {
						CreatedOnToolsVersion = 11.2;
						TestTargetID = 78181EF423E5BD9B00836109;
					};
				};
			};
			buildConfigurationList = 78181EF023E5BD9B00836109 /* Build configuration list for PBXProject "Sudoku" */;
			compatibilityVersion = "Xcode 9.3";
			developmentRegion = en;
			hasScannedForEncodings = 0;
			knownRegions = (
				en,
				Base,
				ru,
				de,
			);
			mainGroup = 78181EEC23E5BD9B00836109;
			productRefGroup = 78181EF623E5BD9B00836109 /* Products */;
			projectDirPath = "";
			projectRoot = "";
			targets = (
				78181EF423E5BD9B00836109 /* Sudoku */,
				785F42AF23EC53E200B2CCA0 /* SudokuTests */,
				785C734B23F2B81800757B0E /* SudokuUITests */,
			);
		};
/* End PBXProject section */

/* Begin PBXResourcesBuildPhase section */
		78181EF323E5BD9B00836109 /* Resources */ = {
			isa = PBXResourcesBuildPhase;
			buildActionMask = 2147483647;
			files = (
				78181F0523E5BD9C00836109 /* LaunchScreen.storyboard in Resources */,
				7883A1C9241D3D9200ECB3FD /* Localizable.strings in Resources */,
				78181F0223E5BD9C00836109 /* Assets.xcassets in Resources */,
				78181F0023E5BD9B00836109 /* Main.storyboard in Resources */,
			);
			runOnlyForDeploymentPostprocessing = 0;
		};
		785C734A23F2B81800757B0E /* Resources */ = {
			isa = PBXResourcesBuildPhase;
			buildActionMask = 2147483647;
			files = (
			);
			runOnlyForDeploymentPostprocessing = 0;
		};
		785F42AE23EC53E200B2CCA0 /* Resources */ = {
			isa = PBXResourcesBuildPhase;
			buildActionMask = 2147483647;
			files = (
			);
			runOnlyForDeploymentPostprocessing = 0;
		};
/* End PBXResourcesBuildPhase section */

/* Begin PBXSourcesBuildPhase section */
		78181EF123E5BD9B00836109 /* Sources */ = {
			isa = PBXSourcesBuildPhase;
			buildActionMask = 2147483647;
			files = (
				788CDC8A2422745900420F9B /* CellAnimator.swift in Sources */,
				785C734323F1957A00757B0E /* SudokuGenerator.swift in Sources */,
				788CDC8E242345D800420F9B /* UIColor+Colors.swift in Sources */,
				7891FA80241A2F3D003BF6BA /* MainViewController.swift in Sources */,
				78181F1423E5C7F000836109 /* Extensions.swift in Sources */,
				782239CD2420ECF7004E7D35 /* ShrinkableButton.swift in Sources */,
				78C9B5E8241D08BC00E1DB7A /* StatisticViewController.swift in Sources */,
				782239CB2420D967004E7D35 /* TriangleView.swift in Sources */,
				78294FD1241B93A700854A97 /* Constants.swift in Sources */,
				78181F1023E5BE2A00836109 /* SudokuViewController.swift in Sources */,
				7895216B241A431C004F8C1C /* BackButton.swift in Sources */,
				785C734123F192A000757B0E /* SudokuSolver.swift in Sources */,
				7862E4F5242A5BAA0030F8E8 /* EraseViewConstraints.swift in Sources */,
				7862EC8323F2F4CE00399263 /* GameViewController.swift in Sources */,
				78810CCA241F90B6002828E2 /* MessageView.swift in Sources */,
				785F42BB23EC69AB00B2CCA0 /* Sudoku.swift in Sources */,
				78294FCF241B882C00854A97 /* ErrorView.swift in Sources */,
				78C9B5DD241BEAAC00E1DB7A /* DoneButton.swift in Sources */,
				785C734723F19EBC00757B0E /* Game.swift in Sources */,
				78C9B5E0241BF27000E1DB7A /* TutorialViewAnimator.swift in Sources */,
				788CDC7F2422373900420F9B /* Statistic.swift in Sources */,
				78294FD3241BAA6400854A97 /* RombCell.swift in Sources */,
				7862E4F9242A60550030F8E8 /* YesButton.swift in Sources */,
				788CDC882422638E00420F9B /* StatisticTableViewCell.swift in Sources */,
				78C9B5E6241D08A500E1DB7A /* OptionsViewController.swift in Sources */,
				78181F1223E5BE3300836109 /* Cell.swift in Sources */,
				7883A1CF241D43AC00ECB3FD /* FinishGameView.swift in Sources */,
				7896973F241A321B0054397E /* DiagonalCell.swift in Sources */,
				788CDC8624225DAB00420F9B /* TimerCounter.swift in Sources */,
				788CDC8C24233DD200420F9B /* TextAppearenceAnimator.swift in Sources */,
				78181EF923E5BD9B00836109 /* AppDelegate.swift in Sources */,
				7862E4F7242A604C0030F8E8 /* NoButton.swift in Sources */,
				7883A1C4241D2BE100ECB3FD /* TutorialViewConstraint.swift in Sources */,
				78C9B5E2241BF35D00E1DB7A /* ErrorViewAnimation.swift in Sources */,
				78969737241A2FAB0054397E /* LevelsViewController.swift in Sources */,
				782239DB242133EF004E7D35 /* Options.swift in Sources */,
				7877D1B923ED95B000E43314 /* BorderedCell.swift in Sources */,
				7862E4ED242651AD0030F8E8 /* StatisticButtonAnimator.swift in Sources */,
				78C9B5DB241BE98100E1DB7A /* TutorialView.swift in Sources */,
				78EABF3A242E296B00EF9A1E /* Rules.swift in Sources */,
				7862E4F3242A5B610030F8E8 /* EraseStatisticView.swift in Sources */,
			);
			runOnlyForDeploymentPostprocessing = 0;
		};
		785C734823F2B81800757B0E /* Sources */ = {
			isa = PBXSourcesBuildPhase;
			buildActionMask = 2147483647;
			files = (
				785C734F23F2B81800757B0E /* SudokuUITests.swift in Sources */,
			);
			runOnlyForDeploymentPostprocessing = 0;
		};
		785F42AC23EC53E200B2CCA0 /* Sources */ = {
			isa = PBXSourcesBuildPhase;
			buildActionMask = 2147483647;
			files = (
				785ED3FA23F2EAE6009E78B0 /* SudokuSolverTests.swift in Sources */,
			);
			runOnlyForDeploymentPostprocessing = 0;
		};
/* End PBXSourcesBuildPhase section */

/* Begin PBXTargetDependency section */
		785C735223F2B81800757B0E /* PBXTargetDependency */ = {
			isa = PBXTargetDependency;
			target = 78181EF423E5BD9B00836109 /* Sudoku */;
			targetProxy = 785C735123F2B81800757B0E /* PBXContainerItemProxy */;
		};
		785F42B623EC53E200B2CCA0 /* PBXTargetDependency */ = {
			isa = PBXTargetDependency;
			target = 78181EF423E5BD9B00836109 /* Sudoku */;
			targetProxy = 785F42B523EC53E200B2CCA0 /* PBXContainerItemProxy */;
		};
/* End PBXTargetDependency section */

/* Begin PBXVariantGroup section */
		78181EFE23E5BD9B00836109 /* Main.storyboard */ = {
			isa = PBXVariantGroup;
			children = (
				78181EFF23E5BD9B00836109 /* Base */,
				7883A1C5241D3CF200ECB3FD /* ru */,
				78EABF38242E21B900EF9A1E /* de */,
			);
			name = Main.storyboard;
			sourceTree = "<group>";
		};
		78181F0323E5BD9C00836109 /* LaunchScreen.storyboard */ = {
			isa = PBXVariantGroup;
			children = (
				78181F0423E5BD9C00836109 /* Base */,
			);
			name = LaunchScreen.storyboard;
			sourceTree = "<group>";
		};
		7883A1CB241D3D9200ECB3FD /* Localizable.strings */ = {
			isa = PBXVariantGroup;
			children = (
				7883A1CA241D3D9200ECB3FD /* en */,
				7883A1CC241D3D9B00ECB3FD /* de */,
				7883A1CD241D3D9C00ECB3FD /* ru */,
			);
			name = Localizable.strings;
			sourceTree = "<group>";
		};
/* End PBXVariantGroup section */

/* Begin XCBuildConfiguration section */
		78181F0723E5BD9C00836109 /* Debug */ = {
			isa = XCBuildConfiguration;
			buildSettings = {
				ALWAYS_SEARCH_USER_PATHS = NO;
				CLANG_ANALYZER_LOCALIZABILITY_NONLOCALIZED = YES;
				CLANG_ANALYZER_NONNULL = YES;
				CLANG_ANALYZER_NUMBER_OBJECT_CONVERSION = YES_AGGRESSIVE;
				CLANG_CXX_LANGUAGE_STANDARD = "gnu++14";
				CLANG_CXX_LIBRARY = "libc++";
				CLANG_ENABLE_MODULES = YES;
				CLANG_ENABLE_OBJC_ARC = YES;
				CLANG_ENABLE_OBJC_WEAK = YES;
				CLANG_WARN_BLOCK_CAPTURE_AUTORELEASING = YES;
				CLANG_WARN_BOOL_CONVERSION = YES;
				CLANG_WARN_COMMA = YES;
				CLANG_WARN_CONSTANT_CONVERSION = YES;
				CLANG_WARN_DEPRECATED_OBJC_IMPLEMENTATIONS = YES;
				CLANG_WARN_DIRECT_OBJC_ISA_USAGE = YES_ERROR;
				CLANG_WARN_DOCUMENTATION_COMMENTS = YES;
				CLANG_WARN_EMPTY_BODY = YES;
				CLANG_WARN_ENUM_CONVERSION = YES;
				CLANG_WARN_INFINITE_RECURSION = YES;
				CLANG_WARN_INT_CONVERSION = YES;
				CLANG_WARN_NON_LITERAL_NULL_CONVERSION = YES;
				CLANG_WARN_OBJC_IMPLICIT_RETAIN_SELF = YES;
				CLANG_WARN_OBJC_LITERAL_CONVERSION = YES;
				CLANG_WARN_OBJC_ROOT_CLASS = YES_ERROR;
				CLANG_WARN_RANGE_LOOP_ANALYSIS = YES;
				CLANG_WARN_STRICT_PROTOTYPES = YES;
				CLANG_WARN_SUSPICIOUS_MOVE = YES;
				CLANG_WARN_UNGUARDED_AVAILABILITY = YES_AGGRESSIVE;
				CLANG_WARN_UNREACHABLE_CODE = YES;
				CLANG_WARN__DUPLICATE_METHOD_MATCH = YES;
				COPY_PHASE_STRIP = NO;
				DEBUG_INFORMATION_FORMAT = dwarf;
				ENABLE_STRICT_OBJC_MSGSEND = YES;
				ENABLE_TESTABILITY = YES;
				GCC_C_LANGUAGE_STANDARD = gnu11;
				GCC_DYNAMIC_NO_PIC = NO;
				GCC_NO_COMMON_BLOCKS = YES;
				GCC_OPTIMIZATION_LEVEL = 0;
				GCC_PREPROCESSOR_DEFINITIONS = (
					"DEBUG=1",
					"$(inherited)",
				);
				GCC_WARN_64_TO_32_BIT_CONVERSION = YES;
				GCC_WARN_ABOUT_RETURN_TYPE = YES_ERROR;
				GCC_WARN_UNDECLARED_SELECTOR = YES;
				GCC_WARN_UNINITIALIZED_AUTOS = YES_AGGRESSIVE;
				GCC_WARN_UNUSED_FUNCTION = YES;
				GCC_WARN_UNUSED_VARIABLE = YES;
				IPHONEOS_DEPLOYMENT_TARGET = 12.0;
				MTL_ENABLE_DEBUG_INFO = INCLUDE_SOURCE;
				MTL_FAST_MATH = YES;
				ONLY_ACTIVE_ARCH = YES;
				SDKROOT = iphoneos;
				SWIFT_ACTIVE_COMPILATION_CONDITIONS = DEBUG;
				SWIFT_OPTIMIZATION_LEVEL = "-Onone";
			};
			name = Debug;
		};
		78181F0823E5BD9C00836109 /* Release */ = {
			isa = XCBuildConfiguration;
			buildSettings = {
				ALWAYS_SEARCH_USER_PATHS = NO;
				CLANG_ANALYZER_LOCALIZABILITY_NONLOCALIZED = YES;
				CLANG_ANALYZER_NONNULL = YES;
				CLANG_ANALYZER_NUMBER_OBJECT_CONVERSION = YES_AGGRESSIVE;
				CLANG_CXX_LANGUAGE_STANDARD = "gnu++14";
				CLANG_CXX_LIBRARY = "libc++";
				CLANG_ENABLE_MODULES = YES;
				CLANG_ENABLE_OBJC_ARC = YES;
				CLANG_ENABLE_OBJC_WEAK = YES;
				CLANG_WARN_BLOCK_CAPTURE_AUTORELEASING = YES;
				CLANG_WARN_BOOL_CONVERSION = YES;
				CLANG_WARN_COMMA = YES;
				CLANG_WARN_CONSTANT_CONVERSION = YES;
				CLANG_WARN_DEPRECATED_OBJC_IMPLEMENTATIONS = YES;
				CLANG_WARN_DIRECT_OBJC_ISA_USAGE = YES_ERROR;
				CLANG_WARN_DOCUMENTATION_COMMENTS = YES;
				CLANG_WARN_EMPTY_BODY = YES;
				CLANG_WARN_ENUM_CONVERSION = YES;
				CLANG_WARN_INFINITE_RECURSION = YES;
				CLANG_WARN_INT_CONVERSION = YES;
				CLANG_WARN_NON_LITERAL_NULL_CONVERSION = YES;
				CLANG_WARN_OBJC_IMPLICIT_RETAIN_SELF = YES;
				CLANG_WARN_OBJC_LITERAL_CONVERSION = YES;
				CLANG_WARN_OBJC_ROOT_CLASS = YES_ERROR;
				CLANG_WARN_RANGE_LOOP_ANALYSIS = YES;
				CLANG_WARN_STRICT_PROTOTYPES = YES;
				CLANG_WARN_SUSPICIOUS_MOVE = YES;
				CLANG_WARN_UNGUARDED_AVAILABILITY = YES_AGGRESSIVE;
				CLANG_WARN_UNREACHABLE_CODE = YES;
				CLANG_WARN__DUPLICATE_METHOD_MATCH = YES;
				COPY_PHASE_STRIP = NO;
				DEBUG_INFORMATION_FORMAT = "dwarf-with-dsym";
				ENABLE_NS_ASSERTIONS = NO;
				ENABLE_STRICT_OBJC_MSGSEND = YES;
				GCC_C_LANGUAGE_STANDARD = gnu11;
				GCC_NO_COMMON_BLOCKS = YES;
				GCC_WARN_64_TO_32_BIT_CONVERSION = YES;
				GCC_WARN_ABOUT_RETURN_TYPE = YES_ERROR;
				GCC_WARN_UNDECLARED_SELECTOR = YES;
				GCC_WARN_UNINITIALIZED_AUTOS = YES_AGGRESSIVE;
				GCC_WARN_UNUSED_FUNCTION = YES;
				GCC_WARN_UNUSED_VARIABLE = YES;
				IPHONEOS_DEPLOYMENT_TARGET = 12.0;
				MTL_ENABLE_DEBUG_INFO = NO;
				MTL_FAST_MATH = YES;
				SDKROOT = iphoneos;
				SWIFT_COMPILATION_MODE = wholemodule;
				SWIFT_OPTIMIZATION_LEVEL = "-O";
				VALIDATE_PRODUCT = YES;
			};
			name = Release;
		};
		78181F0A23E5BD9C00836109 /* Debug */ = {
			isa = XCBuildConfiguration;
			buildSettings = {
				ASSETCATALOG_COMPILER_APPICON_NAME = AppIcon;
				CODE_SIGN_STYLE = Automatic;
				DEVELOPMENT_TEAM = 36UX7SKY3J;
				INFOPLIST_FILE = Sudoku/Misc/Info.plist;
				IPHONEOS_DEPLOYMENT_TARGET = 11.0;
				LD_RUNPATH_SEARCH_PATHS = (
					"$(inherited)",
					"@executable_path/Frameworks",
				);
				PRODUCT_BUNDLE_IDENTIFIER = com.sudoku.entert.vl.2019.Sudoku;
				PRODUCT_NAME = "$(TARGET_NAME)";
				SWIFT_VERSION = 5.0;
				TARGETED_DEVICE_FAMILY = 1;
			};
			name = Debug;
		};
		78181F0B23E5BD9C00836109 /* Release */ = {
			isa = XCBuildConfiguration;
			buildSettings = {
				ASSETCATALOG_COMPILER_APPICON_NAME = AppIcon;
				CODE_SIGN_STYLE = Automatic;
				DEVELOPMENT_TEAM = 36UX7SKY3J;
				INFOPLIST_FILE = Sudoku/Misc/Info.plist;
				IPHONEOS_DEPLOYMENT_TARGET = 11.0;
				LD_RUNPATH_SEARCH_PATHS = (
					"$(inherited)",
					"@executable_path/Frameworks",
				);
				PRODUCT_BUNDLE_IDENTIFIER = com.sudoku.entert.vl.2019.Sudoku;
				PRODUCT_NAME = "$(TARGET_NAME)";
				SWIFT_VERSION = 5.0;
				TARGETED_DEVICE_FAMILY = 1;
			};
			name = Release;
		};
		785C735423F2B81800757B0E /* Debug */ = {
			isa = XCBuildConfiguration;
			buildSettings = {
				CODE_SIGN_STYLE = Automatic;
				DEVELOPMENT_TEAM = 36UX7SKY3J;
				INFOPLIST_FILE = SudokuUITests/Info.plist;
				LD_RUNPATH_SEARCH_PATHS = (
					"$(inherited)",
					"@executable_path/Frameworks",
					"@loader_path/Frameworks",
				);
				PRODUCT_BUNDLE_IDENTIFIER = com.sudoku.entert.vl.2019.SudokuUITests;
				PRODUCT_NAME = "$(TARGET_NAME)";
				SWIFT_VERSION = 5.0;
				TARGETED_DEVICE_FAMILY = "1,2";
				TEST_TARGET_NAME = Sudoku;
			};
			name = Debug;
		};
		785C735523F2B81800757B0E /* Release */ = {
			isa = XCBuildConfiguration;
			buildSettings = {
				CODE_SIGN_STYLE = Automatic;
				DEVELOPMENT_TEAM = 36UX7SKY3J;
				INFOPLIST_FILE = SudokuUITests/Info.plist;
				LD_RUNPATH_SEARCH_PATHS = (
					"$(inherited)",
					"@executable_path/Frameworks",
					"@loader_path/Frameworks",
				);
				PRODUCT_BUNDLE_IDENTIFIER = com.sudoku.entert.vl.2019.SudokuUITests;
				PRODUCT_NAME = "$(TARGET_NAME)";
				SWIFT_VERSION = 5.0;
				TARGETED_DEVICE_FAMILY = "1,2";
				TEST_TARGET_NAME = Sudoku;
			};
			name = Release;
		};
		785F42B723EC53E200B2CCA0 /* Debug */ = {
			isa = XCBuildConfiguration;
			buildSettings = {
				BUNDLE_LOADER = "$(TEST_HOST)";
				CODE_SIGN_STYLE = Automatic;
				DEVELOPMENT_TEAM = 36UX7SKY3J;
				INFOPLIST_FILE = SudokuTests/Info.plist;
				LD_RUNPATH_SEARCH_PATHS = (
					"$(inherited)",
					"@executable_path/Frameworks",
					"@loader_path/Frameworks",
				);
				PRODUCT_BUNDLE_IDENTIFIER = com.sudoku.entert.vl.2019.SudokuTests;
				PRODUCT_NAME = "$(TARGET_NAME)";
				SWIFT_VERSION = 5.0;
				TARGETED_DEVICE_FAMILY = "1,2";
				TEST_HOST = "$(BUILT_PRODUCTS_DIR)/Sudoku.app/Sudoku";
			};
			name = Debug;
		};
		785F42B823EC53E200B2CCA0 /* Release */ = {
			isa = XCBuildConfiguration;
			buildSettings = {
				BUNDLE_LOADER = "$(TEST_HOST)";
				CODE_SIGN_STYLE = Automatic;
				DEVELOPMENT_TEAM = 36UX7SKY3J;
				INFOPLIST_FILE = SudokuTests/Info.plist;
				LD_RUNPATH_SEARCH_PATHS = (
					"$(inherited)",
					"@executable_path/Frameworks",
					"@loader_path/Frameworks",
				);
				PRODUCT_BUNDLE_IDENTIFIER = com.sudoku.entert.vl.2019.SudokuTests;
				PRODUCT_NAME = "$(TARGET_NAME)";
				SWIFT_VERSION = 5.0;
				TARGETED_DEVICE_FAMILY = "1,2";
				TEST_HOST = "$(BUILT_PRODUCTS_DIR)/Sudoku.app/Sudoku";
			};
			name = Release;
		};
/* End XCBuildConfiguration section */

/* Begin XCConfigurationList section */
		78181EF023E5BD9B00836109 /* Build configuration list for PBXProject "Sudoku" */ = {
			isa = XCConfigurationList;
			buildConfigurations = (
				78181F0723E5BD9C00836109 /* Debug */,
				78181F0823E5BD9C00836109 /* Release */,
			);
			defaultConfigurationIsVisible = 0;
			defaultConfigurationName = Release;
		};
		78181F0923E5BD9C00836109 /* Build configuration list for PBXNativeTarget "Sudoku" */ = {
			isa = XCConfigurationList;
			buildConfigurations = (
				78181F0A23E5BD9C00836109 /* Debug */,
				78181F0B23E5BD9C00836109 /* Release */,
			);
			defaultConfigurationIsVisible = 0;
			defaultConfigurationName = Release;
		};
		785C735323F2B81800757B0E /* Build configuration list for PBXNativeTarget "SudokuUITests" */ = {
			isa = XCConfigurationList;
			buildConfigurations = (
				785C735423F2B81800757B0E /* Debug */,
				785C735523F2B81800757B0E /* Release */,
			);
			defaultConfigurationIsVisible = 0;
			defaultConfigurationName = Release;
		};
		785F42B923EC53E200B2CCA0 /* Build configuration list for PBXNativeTarget "SudokuTests" */ = {
			isa = XCConfigurationList;
			buildConfigurations = (
				785F42B723EC53E200B2CCA0 /* Debug */,
				785F42B823EC53E200B2CCA0 /* Release */,
			);
			defaultConfigurationIsVisible = 0;
			defaultConfigurationName = Release;
		};
/* End XCConfigurationList section */
	};
	rootObject = 78181EED23E5BD9B00836109 /* Project object */;
}
